// !$*UTF8*$!
{
	archiveVersion = 1;
	classes = {
	};
	objectVersion = 52;
	objects = {

/* Begin PBXBuildFile section */
		101443F122FA877500275DA2 /* libcurl.a in Frameworks */ = {isa = PBXBuildFile; fileRef = 101443F022FA877500275DA2 /* libcurl.a */; platformFilter = ios; };
		101443F922FA883A00275DA2 /* AppDelegate.swift in Sources */ = {isa = PBXBuildFile; fileRef = 101443F822FA883A00275DA2 /* AppDelegate.swift */; };
		101443FB22FA883A00275DA2 /* ViewController.swift in Sources */ = {isa = PBXBuildFile; fileRef = 101443FA22FA883A00275DA2 /* ViewController.swift */; };
		101443FD22FA883B00275DA2 /* Assets.xcassets in Resources */ = {isa = PBXBuildFile; fileRef = 101443FC22FA883B00275DA2 /* Assets.xcassets */; };
		1014440022FA883B00275DA2 /* Main.storyboard in Resources */ = {isa = PBXBuildFile; fileRef = 101443FE22FA883B00275DA2 /* Main.storyboard */; };
		1014440D22FA8A0800275DA2 /* AppDelegate.swift in Sources */ = {isa = PBXBuildFile; fileRef = 1014440C22FA8A0800275DA2 /* AppDelegate.swift */; };
		1014440F22FA8A0800275DA2 /* ViewController.swift in Sources */ = {isa = PBXBuildFile; fileRef = 1014440E22FA8A0800275DA2 /* ViewController.swift */; };
		1014441222FA8A0800275DA2 /* Main.storyboard in Resources */ = {isa = PBXBuildFile; fileRef = 1014441022FA8A0800275DA2 /* Main.storyboard */; };
		1014441422FA8A0900275DA2 /* Assets.xcassets in Resources */ = {isa = PBXBuildFile; fileRef = 1014441322FA8A0900275DA2 /* Assets.xcassets */; };
		1014441722FA8A0900275DA2 /* LaunchScreen.storyboard in Resources */ = {isa = PBXBuildFile; fileRef = 1014441522FA8A0900275DA2 /* LaunchScreen.storyboard */; };
		1014441C22FA8A5400275DA2 /* GTR.framework in Frameworks */ = {isa = PBXBuildFile; fileRef = 42F0B0982119EF8A00D01CC4 /* GTR.framework */; };
		1014441D22FA8A5400275DA2 /* GTR.framework in Embed Frameworks */ = {isa = PBXBuildFile; fileRef = 42F0B0982119EF8A00D01CC4 /* GTR.framework */; settings = {ATTRIBUTES = (CodeSignOnCopy, RemoveHeadersOnCopy, ); }; };
		1014443222FAA46500275DA2 /* GTR.framework in Frameworks */ = {isa = PBXBuildFile; fileRef = 1014442B22FAA46500275DA2 /* GTR.framework */; };
		1014443322FAA46500275DA2 /* GTR.framework in Embed Frameworks */ = {isa = PBXBuildFile; fileRef = 1014442B22FAA46500275DA2 /* GTR.framework */; settings = {ATTRIBUTES = (CodeSignOnCopy, RemoveHeadersOnCopy, ); }; };
		1014445E22FAAFBF00275DA2 /* libbrotli.a in Frameworks */ = {isa = PBXBuildFile; fileRef = 1014445D22FAAFBF00275DA2 /* libbrotli.a */; platformFilter = ios; };
		1014446022FAE2F900275DA2 /* libbrotli.a in Frameworks */ = {isa = PBXBuildFile; fileRef = 1014445F22FAE2F900275DA2 /* libbrotli.a */; };
		1014446222FAE31000275DA2 /* libcurl.a in Frameworks */ = {isa = PBXBuildFile; fileRef = 1014446122FAE31000275DA2 /* libcurl.a */; };
		1014446422FAE4B700275DA2 /* LDAP.framework in Frameworks */ = {isa = PBXBuildFile; fileRef = 1014446322FAE4B700275DA2 /* LDAP.framework */; };
		1014446622FAE4D900275DA2 /* libz.tbd in Frameworks */ = {isa = PBXBuildFile; fileRef = 1014446522FAE4D900275DA2 /* libz.tbd */; };
		10ACE334233081A1006CFEDD /* LDAP.framework in Frameworks */ = {isa = PBXBuildFile; fileRef = 1014446322FAE4B700275DA2 /* LDAP.framework */; };
		4226E54B237AA288001CF4B9 /* libcJSON.a in Frameworks */ = {isa = PBXBuildFile; fileRef = 4226E54A237AA27C001CF4B9 /* libcJSON.a */; platformFilter = ios; };
		4226E54E237AA2EB001CF4B9 /* libcJSON.a in Frameworks */ = {isa = PBXBuildFile; fileRef = 4226E54C237AA299001CF4B9 /* libcJSON.a */; };
		427D2AF42119FCEA00314C23 /* libz.tbd in Frameworks */ = {isa = PBXBuildFile; fileRef = 427D2AF32119FCEA00314C23 /* libz.tbd */; };
		42C2C92D23797335001BC1D7 /* GetDemo.swift in Sources */ = {isa = PBXBuildFile; fileRef = B2D2A639318A3EBCDDE7F5F4 /* GetDemo.swift */; };
		42C2C92E23797335001BC1D7 /* BrotliDemo.swift in Sources */ = {isa = PBXBuildFile; fileRef = B2D2AE96645DF01C2B54B99E /* BrotliDemo.swift */; };
		42C2C92F23797335001BC1D7 /* DownloadDemo.swift in Sources */ = {isa = PBXBuildFile; fileRef = B2D2A70F0C6C9CD9BFD550BB /* DownloadDemo.swift */; };
		42C2C93023797335001BC1D7 /* URLSessionDemo.swift in Sources */ = {isa = PBXBuildFile; fileRef = B2D2AF2B4BE0A9F3E7EF79E9 /* URLSessionDemo.swift */; };
		42C2C93123797335001BC1D7 /* GetCacheDemo.swift in Sources */ = {isa = PBXBuildFile; fileRef = B2D2A285D9FB8A0AC436864E /* GetCacheDemo.swift */; };
		42C2C93223797335001BC1D7 /* PostDemo.swift in Sources */ = {isa = PBXBuildFile; fileRef = 45304ACE10FB624A2B547201 /* PostDemo.swift */; };
		42C2C93323797335001BC1D7 /* CustomDemo.swift in Sources */ = {isa = PBXBuildFile; fileRef = 453043524BBF19360E89D12A /* CustomDemo.swift */; };
		42D3136C242CC07A0048ADDA /* libbrotli.maccatalyst.a in Frameworks */ = {isa = PBXBuildFile; fileRef = 42D31369242CC0520048ADDA /* libbrotli.maccatalyst.a */; platformFilter = maccatalyst; };
		42D3136D242CC0870048ADDA /* libcJSON.maccatalyst.a in Frameworks */ = {isa = PBXBuildFile; fileRef = 42D3136A242CC0600048ADDA /* libcJSON.maccatalyst.a */; platformFilter = maccatalyst; };
		42D3136E242CC0950048ADDA /* libcurl.maccatalyst.a in Frameworks */ = {isa = PBXBuildFile; fileRef = 42D3136B242CC06B0048ADDA /* libcurl.maccatalyst.a */; platformFilter = maccatalyst; };
		4530400B3558DD1E0BE56B57 /* Option.ResponseInfo.swift in Sources */ = {isa = PBXBuildFile; fileRef = 453048DF889D342B8675C662 /* Option.ResponseInfo.swift */; };
		45304017095F2CE78B14D0E5 /* Option.Task.swift in Sources */ = {isa = PBXBuildFile; fileRef = 4530409AF7B0573A92813AB3 /* Option.Task.swift */; };
		45304025EB23ABCE782E35E6 /* Option.TimeCondition.swift in Sources */ = {isa = PBXBuildFile; fileRef = 453046BB5B22A78B818E166D /* Option.TimeCondition.swift */; };
		4530402AFAEC11B694B74BBE /* GearBox.swift in Sources */ = {isa = PBXBuildFile; fileRef = 453046A2FD60608F31F27ECC /* GearBox.swift */; };
		45304033908F7E02292DEF59 /* Mime.swift in Sources */ = {isa = PBXBuildFile; fileRef = 453044583425C310F13F28F1 /* Mime.swift */; };
		4530403B383D42D62E1036F8 /* URL.Query.swift in Sources */ = {isa = PBXBuildFile; fileRef = 45304873182CCB2835EB77BA /* URL.Query.swift */; };
		45304047C17289D541291039 /* Bridge.Core.h in Headers */ = {isa = PBXBuildFile; fileRef = 453044F2A2359F10494DFB9A /* Bridge.Core.h */; };
		4530408B6B34416E056D8EDD /* Bridge.Task.h in Headers */ = {isa = PBXBuildFile; fileRef = 4530460F1160445F37D5FC14 /* Bridge.Task.h */; };
		453040B7B4D2CA49367E8473 /* Bridge.Task.swift in Sources */ = {isa = PBXBuildFile; fileRef = 453048EC33B2865255E0FCD2 /* Bridge.Task.swift */; };
		453040DABE80992DB99145FA /* gtr_callback.c in Sources */ = {isa = PBXBuildFile; fileRef = 45304DD81244CC86D323BADB /* gtr_callback.c */; };
		453040F62263B75A28B77745 /* gtr_task_id.h in Headers */ = {isa = PBXBuildFile; fileRef = 4530447DEF7F65DBA6CC1FCF /* gtr_task_id.h */; };
		4530410E19DC66B0A44C04E1 /* gtr_core.c in Sources */ = {isa = PBXBuildFile; fileRef = 45304A47184D26DCE52EC436 /* gtr_core.c */; };
		4530414BA96D15CF001216EB /* Bridge.Task.c in Sources */ = {isa = PBXBuildFile; fileRef = 45304E775DAC1E47DC49EA90 /* Bridge.Task.c */; };
		4530416292501913EDEF40CE /* Bridge.Core.c in Sources */ = {isa = PBXBuildFile; fileRef = 45304BC7EF220E7A98049088 /* Bridge.Core.c */; };
		453041C6853A065A456E6852 /* HttpHeader.swift in Sources */ = {isa = PBXBuildFile; fileRef = 45304EF7820F0C15F84B295F /* HttpHeader.swift */; };
		453041C9B142B37F947AE2F4 /* Bridge.Callback.swift in Sources */ = {isa = PBXBuildFile; fileRef = 45304FD728BC2AF719ABACF0 /* Bridge.Callback.swift */; };
		453041ED863157A35FE7C64F /* Bridge.Core.swift in Sources */ = {isa = PBXBuildFile; fileRef = 45304331F349EC915B692895 /* Bridge.Core.swift */; };
		453041F8D75BD23454E85504 /* Lock.swift in Sources */ = {isa = PBXBuildFile; fileRef = 453043ACC1126E305EE0AEEE /* Lock.swift */; };
		453041FD58AFB675B04D1DAB /* gtr_curl_map.h in Headers */ = {isa = PBXBuildFile; fileRef = 4530415270F1E7681B9D60EC /* gtr_curl_map.h */; };
		4530425600B9576CC16BD2DE /* GTR.swift in Sources */ = {isa = PBXBuildFile; fileRef = 4530409BD353035B085B3C43 /* GTR.swift */; };
		453042742CFF9DB813B16554 /* ResponseInfo.SSL.swift in Sources */ = {isa = PBXBuildFile; fileRef = 453041FA93207E0F7190700F /* ResponseInfo.SSL.swift */; };
		4530429202525136280998F6 /* Goal.swift in Sources */ = {isa = PBXBuildFile; fileRef = 45304D3B569F8561E604FD09 /* Goal.swift */; };
		453042B6A8666D828C7B86B6 /* Bridge.Task.swift in Sources */ = {isa = PBXBuildFile; fileRef = 453048EC33B2865255E0FCD2 /* Bridge.Task.swift */; };
		453042D894C0D3A58EC8702D /* Destination.swift in Sources */ = {isa = PBXBuildFile; fileRef = 4530448FAF17E131A285D3CA /* Destination.swift */; };
		453042DA72367EDD77FD6231 /* gtr_race.c in Sources */ = {isa = PBXBuildFile; fileRef = 4530466502F7970352AF4A13 /* gtr_race.c */; };
		453042E316ADCFBD9CA120FD /* gtr_task_id.c in Sources */ = {isa = PBXBuildFile; fileRef = 453042618C3440EFFB3E5ECA /* gtr_task_id.c */; };
		453042E77F55520A5AAD06F8 /* gtr_curl_map.c in Sources */ = {isa = PBXBuildFile; fileRef = 45304E173EEA2A6427BF1593 /* gtr_curl_map.c */; };
		453043019715130918016EEC /* gtr_callback.h in Headers */ = {isa = PBXBuildFile; fileRef = 453040DBEC7B95F7855F185D /* gtr_callback.h */; };
		45304303CC8A196A6222F89B /* ResponseInfo.Size.swift in Sources */ = {isa = PBXBuildFile; fileRef = 4530435D8BFC3680C9DD34CC /* ResponseInfo.Size.swift */; };
		4530430557B63729185B978E /* gtr_response.c in Sources */ = {isa = PBXBuildFile; fileRef = 4530442FA9172EF1D3A9FD2A /* gtr_response.c */; };
		453043079241B1F5857EAB08 /* gtr_response.h in Headers */ = {isa = PBXBuildFile; fileRef = 4530456198C60CC3F6813D95 /* gtr_response.h */; };
		453043142DA678A524B9E62C /* CacheDemo.swift in Sources */ = {isa = PBXBuildFile; fileRef = 4530451433221672413E285C /* CacheDemo.swift */; };
		453043197794166E2032DB24 /* Bridge.Task.h in Headers */ = {isa = PBXBuildFile; fileRef = 4530460F1160445F37D5FC14 /* Bridge.Task.h */; };
		45304332ECFBD9732D78BB3E /* ResponseInfo.swift in Sources */ = {isa = PBXBuildFile; fileRef = 45304127BF97F2A44EC80D2E /* ResponseInfo.swift */; };
		45304359DB0A1696C4953CAE /* Race.swift in Sources */ = {isa = PBXBuildFile; fileRef = 45304E0E09D4A48169922F26 /* Race.swift */; };
		4530438317E139DA683066AE /* GTR.swift in Sources */ = {isa = PBXBuildFile; fileRef = 4530409BD353035B085B3C43 /* GTR.swift */; };
		45304393A6F8E0BBA5C4DB46 /* Bridge.Callback.swift in Sources */ = {isa = PBXBuildFile; fileRef = 45304FD728BC2AF719ABACF0 /* Bridge.Callback.swift */; };
		4530439A16C92C5DB4301E2B /* ContentType.swift in Sources */ = {isa = PBXBuildFile; fileRef = 4530425552CB98343547AD26 /* ContentType.swift */; };
		453043A7612E39E8D258AB72 /* gtr_atomic.c in Sources */ = {isa = PBXBuildFile; fileRef = 45304AA86F5A166AC1144AAA /* gtr_atomic.c */; };
		453043C223756B7FAAABA914 /* gtr_method.h in Headers */ = {isa = PBXBuildFile; fileRef = 45304658050C8401DBCAE0F6 /* gtr_method.h */; };
		453043E4D93A45C3768F47C7 /* ResponseInfo.Base.swift in Sources */ = {isa = PBXBuildFile; fileRef = 45304BFC8955BB5D5C9E3115 /* ResponseInfo.Base.swift */; };
		45304422297D873002C6A1E8 /* ResponseInfo.Size.swift in Sources */ = {isa = PBXBuildFile; fileRef = 4530435D8BFC3680C9DD34CC /* ResponseInfo.Size.swift */; };
		453044571C1EA991E4D25A8E /* Engine.swift in Sources */ = {isa = PBXBuildFile; fileRef = 453049A900E1536074EC5A11 /* Engine.swift */; };
		45304459C64568390EDA5378 /* FormDataDemo.swift in Sources */ = {isa = PBXBuildFile; fileRef = 453047929B1CBB041FE3D456 /* FormDataDemo.swift */; };
		4530446D68DEA78609A73398 /* ResponseInfo.swift in Sources */ = {isa = PBXBuildFile; fileRef = 45304127BF97F2A44EC80D2E /* ResponseInfo.swift */; };
		453044868054CAECF8E81D33 /* gtr_proxy.c in Sources */ = {isa = PBXBuildFile; fileRef = 4530421F6850913AB2029ABD /* gtr_proxy.c */; };
		4530449AE624A8B6BDDE698C /* Bridge.Callback.h in Headers */ = {isa = PBXBuildFile; fileRef = 453042396006C73E96B8C0A9 /* Bridge.Callback.h */; };
		453044ECB26E881D77E43D4C /* ResponseInfo.Time.swift in Sources */ = {isa = PBXBuildFile; fileRef = 4530401E2B4A724983C76373 /* ResponseInfo.Time.swift */; };
		453044EFA70546A2AAED62D0 /* gtr_method.h in Headers */ = {isa = PBXBuildFile; fileRef = 45304658050C8401DBCAE0F6 /* gtr_method.h */; };
		453044F516B8C46393753934 /* gtr_race.h in Headers */ = {isa = PBXBuildFile; fileRef = 45304A7788CC2F3DAADEE6F9 /* gtr_race.h */; };
		453044FA72F255D04ADCC960 /* Destination.swift in Sources */ = {isa = PBXBuildFile; fileRef = 4530448FAF17E131A285D3CA /* Destination.swift */; };
		45304502DFA63B1B2B478391 /* PostDemo.swift in Sources */ = {isa = PBXBuildFile; fileRef = 45304ACE10FB624A2B547201 /* PostDemo.swift */; };
		4530450A3E4D40D35A2D6AB6 /* gtr_log.c in Sources */ = {isa = PBXBuildFile; fileRef = 453046C71873837E02FBC193 /* gtr_log.c */; };
		453045232886BF6DEA9F01B0 /* Bridge.Core.swift in Sources */ = {isa = PBXBuildFile; fileRef = 45304331F349EC915B692895 /* Bridge.Core.swift */; };
		45304565446AD130AAC55D76 /* gtr_atomic.c in Sources */ = {isa = PBXBuildFile; fileRef = 45304AA86F5A166AC1144AAA /* gtr_atomic.c */; };
		4530456C58A5842F4F9A0890 /* gtr_race.c in Sources */ = {isa = PBXBuildFile; fileRef = 4530466502F7970352AF4A13 /* gtr_race.c */; };
		45304600C002BA7EA394B3DC /* gtr_callback.h in Headers */ = {isa = PBXBuildFile; fileRef = 453040DBEC7B95F7855F185D /* gtr_callback.h */; };
		4530460F25286B4C4325025A /* gtr_thread_pool.c in Sources */ = {isa = PBXBuildFile; fileRef = 453041465001FC167A94594F /* gtr_thread_pool.c */; };
		45304635CF203C459407207B /* Goal.swift in Sources */ = {isa = PBXBuildFile; fileRef = 45304D3B569F8561E604FD09 /* Goal.swift */; };
		453046484F0742C6345D948C /* ResponseInfo.Socket.swift in Sources */ = {isa = PBXBuildFile; fileRef = 45304DCA2AA246D7C890A68D /* ResponseInfo.Socket.swift */; };
		4530469D334BF37EDE263E0F /* ResponseInfo.Speed.swift in Sources */ = {isa = PBXBuildFile; fileRef = 45304B8991FAD9B4989338B1 /* ResponseInfo.Speed.swift */; };
		453046C2F100177DF61C9884 /* gtr_curl_map.h in Headers */ = {isa = PBXBuildFile; fileRef = 4530415270F1E7681B9D60EC /* gtr_curl_map.h */; };
		453046CE9E7468E83F922AC6 /* HttpHeader.swift in Sources */ = {isa = PBXBuildFile; fileRef = 45304EF7820F0C15F84B295F /* HttpHeader.swift */; };
		453046F92A1F7317AC6679E9 /* Method.swift in Sources */ = {isa = PBXBuildFile; fileRef = 45304EB7F646746507502BCA /* Method.swift */; };
		45304724E9D0EB2E1EDB2A93 /* Option.swift in Sources */ = {isa = PBXBuildFile; fileRef = 453047079EF9B310CECD36E8 /* Option.swift */; };
		4530476FE563E6C4BC6BD7E5 /* Coder.swift in Sources */ = {isa = PBXBuildFile; fileRef = 45304C22145A685B9B217A04 /* Coder.swift */; };
		4530478569B455ED9282C75D /* gtr_thread_pool.h in Headers */ = {isa = PBXBuildFile; fileRef = 453044C9CEB3987575E9104C /* gtr_thread_pool.h */; };
		4530479D62A7A051776202FD /* Option.swift in Sources */ = {isa = PBXBuildFile; fileRef = 453047079EF9B310CECD36E8 /* Option.swift */; };
		4530479E89B057D60573F32A /* Bridge.Task.c in Sources */ = {isa = PBXBuildFile; fileRef = 45304E775DAC1E47DC49EA90 /* Bridge.Task.c */; };
		453047DB581E771125F03E98 /* Horn.swift in Sources */ = {isa = PBXBuildFile; fileRef = 45304E8C2150F7FAFA569796 /* Horn.swift */; };
		453048067EBBC69BE9A62733 /* gtr_task_id.h in Headers */ = {isa = PBXBuildFile; fileRef = 4530447DEF7F65DBA6CC1FCF /* gtr_task_id.h */; };
		45304807F2A7B0B74D5F7A3F /* gtr_method.c in Sources */ = {isa = PBXBuildFile; fileRef = 4530484CF9C4AF29AA0C905C /* gtr_method.c */; };
		45304836FF23AD30FC81BB77 /* gtr_race.h in Headers */ = {isa = PBXBuildFile; fileRef = 45304A7788CC2F3DAADEE6F9 /* gtr_race.h */; };
		45304845C3E1E9C0C159330E /* gtr_proxy.h in Headers */ = {isa = PBXBuildFile; fileRef = 453048F080CF4B56A9516823 /* gtr_proxy.h */; };
		45304845DB955E96C01AB9F9 /* GearBox.swift in Sources */ = {isa = PBXBuildFile; fileRef = 453046A2FD60608F31F27ECC /* GearBox.swift */; };
		45304867C56D231F5A0A12FC /* Dictionary.Filter.swift in Sources */ = {isa = PBXBuildFile; fileRef = 453041E2813151DA95078D9F /* Dictionary.Filter.swift */; };
		453048898C4AC2DF9B794094 /* Option.SpeedLimit.swift in Sources */ = {isa = PBXBuildFile; fileRef = 4530427E9307BB46C1362FB2 /* Option.SpeedLimit.swift */; };
		45304896F2F797EE362AE47D /* gtr_file_utilty.c in Sources */ = {isa = PBXBuildFile; fileRef = 4530428C99D71BC9C8F67C1D /* gtr_file_utilty.c */; };
		453048A3E3215AA15C460129 /* Option.TimeCondition.swift in Sources */ = {isa = PBXBuildFile; fileRef = 453046BB5B22A78B818E166D /* Option.TimeCondition.swift */; };
		453048B5A72694E621ABA23E /* ResponseInfo.Time.swift in Sources */ = {isa = PBXBuildFile; fileRef = 4530401E2B4A724983C76373 /* ResponseInfo.Time.swift */; };
		453048F3D83F004AC05F0115 /* gtr_log.h in Headers */ = {isa = PBXBuildFile; fileRef = 453046B78AE5DDE753D1E372 /* gtr_log.h */; };
		453048F40031D8EEF0F7667E /* CustomDemo.swift in Sources */ = {isa = PBXBuildFile; fileRef = 453043524BBF19360E89D12A /* CustomDemo.swift */; };
		453049239B2D353C8E7B4343 /* Engine.swift in Sources */ = {isa = PBXBuildFile; fileRef = 453049A900E1536074EC5A11 /* Engine.swift */; };
		4530493157B9652A1797B2A1 /* gtr_response.h in Headers */ = {isa = PBXBuildFile; fileRef = 4530456198C60CC3F6813D95 /* gtr_response.h */; };
		453049381C4B1261B61B6777 /* gtr_callback.c in Sources */ = {isa = PBXBuildFile; fileRef = 45304DD81244CC86D323BADB /* gtr_callback.c */; };
		453049474CBE170EA93A0920 /* gtr_proxy.h in Headers */ = {isa = PBXBuildFile; fileRef = 453048F080CF4B56A9516823 /* gtr_proxy.h */; };
		45304948B771B5FE5BDB5888 /* gtr_atomic.h in Headers */ = {isa = PBXBuildFile; fileRef = 453049D9A2FBAAF2D55E3BDB /* gtr_atomic.h */; };
		4530494C0F4A1FB2DECBBB98 /* ProxyDemo.swift in Sources */ = {isa = PBXBuildFile; fileRef = 4530437B47CE4FD6AD68ECA0 /* ProxyDemo.swift */; };
		4530496473B64116D5FA8624 /* Horn.swift in Sources */ = {isa = PBXBuildFile; fileRef = 45304E8C2150F7FAFA569796 /* Horn.swift */; };
		4530498A758F3EE5254DB11D /* gtr_file_utilty.h in Headers */ = {isa = PBXBuildFile; fileRef = 45304A43BE3071F84DC2A459 /* gtr_file_utilty.h */; };
		453049AED036117D05D7059A /* ResponseInfo.SSL.swift in Sources */ = {isa = PBXBuildFile; fileRef = 453041FA93207E0F7190700F /* ResponseInfo.SSL.swift */; };
		453049B80BCE389735096FC0 /* Bridge.Core.c in Sources */ = {isa = PBXBuildFile; fileRef = 45304BC7EF220E7A98049088 /* Bridge.Core.c */; };
		45304A1E6D72A19BEC13AD21 /* Bridge.Core.h in Headers */ = {isa = PBXBuildFile; fileRef = 453044F2A2359F10494DFB9A /* Bridge.Core.h */; };
		45304A447DCCA497DFAC3E72 /* Option.ResponseInfo.swift in Sources */ = {isa = PBXBuildFile; fileRef = 453048DF889D342B8675C662 /* Option.ResponseInfo.swift */; };
		45304A726AD89E02857F6319 /* Data.UnsafePointer.swift in Sources */ = {isa = PBXBuildFile; fileRef = 45304B07088F57658B0C17A6 /* Data.UnsafePointer.swift */; };
		45304A83A52F6B336489BBD2 /* Bridge.Callback.h in Headers */ = {isa = PBXBuildFile; fileRef = 453042396006C73E96B8C0A9 /* Bridge.Callback.h */; };
		45304AB1E8D402803D3677A4 /* gtr_file_utilty.h in Headers */ = {isa = PBXBuildFile; fileRef = 45304A43BE3071F84DC2A459 /* gtr_file_utilty.h */; };
		45304AC099DCC65C61A61C66 /* gtr_log.h in Headers */ = {isa = PBXBuildFile; fileRef = 453046B78AE5DDE753D1E372 /* gtr_log.h */; };
		45304AD8316D2466FD04B679 /* gtr_thread_pool.c in Sources */ = {isa = PBXBuildFile; fileRef = 453041465001FC167A94594F /* gtr_thread_pool.c */; };
		45304AD9B34EF77679225F11 /* gtr_task_id.c in Sources */ = {isa = PBXBuildFile; fileRef = 453042618C3440EFFB3E5ECA /* gtr_task_id.c */; };
		45304AFFD5D7EB7255530283 /* Error.swift in Sources */ = {isa = PBXBuildFile; fileRef = 453047209F7E1BE3C49273A0 /* Error.swift */; };
		45304B65F8C62399929F303C /* FormDataDemo.swift in Sources */ = {isa = PBXBuildFile; fileRef = 453047929B1CBB041FE3D456 /* FormDataDemo.swift */; };
		45304B664BC4DF0A942D9957 /* gtr_core.c in Sources */ = {isa = PBXBuildFile; fileRef = 45304A47184D26DCE52EC436 /* gtr_core.c */; };
		45304B801B6D3BEF728E6910 /* ResponseInfo.Base.swift in Sources */ = {isa = PBXBuildFile; fileRef = 45304BFC8955BB5D5C9E3115 /* ResponseInfo.Base.swift */; };
		45304BA2F0D2569B97B679AC /* Dictionary.NetworkJSON.swift in Sources */ = {isa = PBXBuildFile; fileRef = 453047D3BDE1ED0674617279 /* Dictionary.NetworkJSON.swift */; };
		45304BA3ECF4BA0CFD748F14 /* Dictionary.NetworkJSON.swift in Sources */ = {isa = PBXBuildFile; fileRef = 453047D3BDE1ED0674617279 /* Dictionary.NetworkJSON.swift */; };
		45304BC196CC535A37A12D48 /* Lock.swift in Sources */ = {isa = PBXBuildFile; fileRef = 453043ACC1126E305EE0AEEE /* Lock.swift */; };
		45304BDEC2588D400B40817E /* Method.swift in Sources */ = {isa = PBXBuildFile; fileRef = 45304EB7F646746507502BCA /* Method.swift */; };
		45304BDFA191FABB9D12450B /* gtr_proxy.c in Sources */ = {isa = PBXBuildFile; fileRef = 4530421F6850913AB2029ABD /* gtr_proxy.c */; };
		45304C419FBEA8503685A5DF /* URL.Query.swift in Sources */ = {isa = PBXBuildFile; fileRef = 45304873182CCB2835EB77BA /* URL.Query.swift */; };
		45304C6EC545FE4AE3FB578D /* Option.SpeedLimit.swift in Sources */ = {isa = PBXBuildFile; fileRef = 4530427E9307BB46C1362FB2 /* Option.SpeedLimit.swift */; };
		45304C82F9A266A12689ED20 /* Data.UnsafePointer.swift in Sources */ = {isa = PBXBuildFile; fileRef = 45304B07088F57658B0C17A6 /* Data.UnsafePointer.swift */; };
		45304C90BDA2EF334E64DE46 /* Option.Proxy.swift in Sources */ = {isa = PBXBuildFile; fileRef = 453042DFEBE6656C1AEA136C /* Option.Proxy.swift */; };
		45304CF1750DFF832A48DD7A /* Error.swift in Sources */ = {isa = PBXBuildFile; fileRef = 453047209F7E1BE3C49273A0 /* Error.swift */; };
		45304D058F7C21C971AA93FF /* gtr_file_utilty.c in Sources */ = {isa = PBXBuildFile; fileRef = 4530428C99D71BC9C8F67C1D /* gtr_file_utilty.c */; };
		45304D244AB13486B9C9975A /* Option.Task.swift in Sources */ = {isa = PBXBuildFile; fileRef = 4530409AF7B0573A92813AB3 /* Option.Task.swift */; };
		45304D89470E92209AE34CF5 /* Driver.swift in Sources */ = {isa = PBXBuildFile; fileRef = 453048568496485D627479DE /* Driver.swift */; };
		45304DD7A219168AEB55C6BB /* ProxyDemo.swift in Sources */ = {isa = PBXBuildFile; fileRef = 4530437B47CE4FD6AD68ECA0 /* ProxyDemo.swift */; };
		45304E0C8B2BB9965DA72053 /* ContentType.swift in Sources */ = {isa = PBXBuildFile; fileRef = 4530425552CB98343547AD26 /* ContentType.swift */; };
		45304E13EFA858B91A85EA5A /* gtr_log.c in Sources */ = {isa = PBXBuildFile; fileRef = 453046C71873837E02FBC193 /* gtr_log.c */; };
		45304E464EE0E61B9542CE23 /* Mime.swift in Sources */ = {isa = PBXBuildFile; fileRef = 453044583425C310F13F28F1 /* Mime.swift */; };
		45304E73C6F15C7EEDCEA71A /* Dictionary.Filter.swift in Sources */ = {isa = PBXBuildFile; fileRef = 453041E2813151DA95078D9F /* Dictionary.Filter.swift */; };
		45304E8877B4E41E2C8DFF7A /* Driver.swift in Sources */ = {isa = PBXBuildFile; fileRef = 453048568496485D627479DE /* Driver.swift */; };
		45304E8AE4C939AC1EF8865B /* CacheDemo.swift in Sources */ = {isa = PBXBuildFile; fileRef = 4530451433221672413E285C /* CacheDemo.swift */; };
		45304E9D1127AC41E6C0ABB8 /* gtr_method.c in Sources */ = {isa = PBXBuildFile; fileRef = 4530484CF9C4AF29AA0C905C /* gtr_method.c */; };
		45304EA5E6ED7040D6B44613 /* gtr_curl_map.c in Sources */ = {isa = PBXBuildFile; fileRef = 45304E173EEA2A6427BF1593 /* gtr_curl_map.c */; };
		45304ECBF5B06332AAAF93EE /* Option.Proxy.swift in Sources */ = {isa = PBXBuildFile; fileRef = 453042DFEBE6656C1AEA136C /* Option.Proxy.swift */; };
		45304EFF6DB5D9AB04D92234 /* gtr_atomic.h in Headers */ = {isa = PBXBuildFile; fileRef = 453049D9A2FBAAF2D55E3BDB /* gtr_atomic.h */; };
		45304F370D6D92D1660981AB /* Coder.swift in Sources */ = {isa = PBXBuildFile; fileRef = 45304C22145A685B9B217A04 /* Coder.swift */; };
		45304F406EFF2F8C4BA62732 /* gtr_response.c in Sources */ = {isa = PBXBuildFile; fileRef = 4530442FA9172EF1D3A9FD2A /* gtr_response.c */; };
		45304F5D7CA7D371A71C4EBD /* gtr_thread_pool.h in Headers */ = {isa = PBXBuildFile; fileRef = 453044C9CEB3987575E9104C /* gtr_thread_pool.h */; };
		45304F80BFE8F3EB1C5347B0 /* Race.swift in Sources */ = {isa = PBXBuildFile; fileRef = 45304E0E09D4A48169922F26 /* Race.swift */; };
		45304F844FB8BA6936F473E5 /* ResponseInfo.Speed.swift in Sources */ = {isa = PBXBuildFile; fileRef = 45304B8991FAD9B4989338B1 /* ResponseInfo.Speed.swift */; };
		45304F84D5E92F5F1AAC3EBB /* gtr_core.h in Headers */ = {isa = PBXBuildFile; fileRef = 4530479472D7EB72D361A9BE /* gtr_core.h */; };
		45304FADCAED76AAA8FBE8E1 /* gtr_core.h in Headers */ = {isa = PBXBuildFile; fileRef = 4530479472D7EB72D361A9BE /* gtr_core.h */; };
		45304FE650935D9D5C1197FD /* ResponseInfo.Socket.swift in Sources */ = {isa = PBXBuildFile; fileRef = 45304DCA2AA246D7C890A68D /* ResponseInfo.Socket.swift */; };
		B2D2A839A82F7891E8125890 /* BrotliDemo.swift in Sources */ = {isa = PBXBuildFile; fileRef = B2D2AE96645DF01C2B54B99E /* BrotliDemo.swift */; };
		B2D2AAA9C8BC155072EDD7AD /* GetCacheDemo.swift in Sources */ = {isa = PBXBuildFile; fileRef = B2D2A285D9FB8A0AC436864E /* GetCacheDemo.swift */; };
		B2D2AAEA915B5FA65F0978BC /* URLSessionDemo.swift in Sources */ = {isa = PBXBuildFile; fileRef = B2D2AF2B4BE0A9F3E7EF79E9 /* URLSessionDemo.swift */; };
		B2D2ACC346DFFCDD86115663 /* DownloadDemo.swift in Sources */ = {isa = PBXBuildFile; fileRef = B2D2A70F0C6C9CD9BFD550BB /* DownloadDemo.swift */; };
		B2D2AF99B0E744004AFF110F /* GetDemo.swift in Sources */ = {isa = PBXBuildFile; fileRef = B2D2A639318A3EBCDDE7F5F4 /* GetDemo.swift */; };
/* End PBXBuildFile section */

/* Begin PBXContainerItemProxy section */
		1014441E22FA8A5400275DA2 /* PBXContainerItemProxy */ = {
			isa = PBXContainerItemProxy;
			containerPortal = 42F0B08F2119EF8A00D01CC4 /* Project object */;
			proxyType = 1;
			remoteGlobalIDString = 42F0B0972119EF8A00D01CC4;
			remoteInfo = GTR;
		};
		1014443022FAA46500275DA2 /* PBXContainerItemProxy */ = {
			isa = PBXContainerItemProxy;
			containerPortal = 42F0B08F2119EF8A00D01CC4 /* Project object */;
			proxyType = 1;
			remoteGlobalIDString = 1014442A22FAA46500275DA2;
			remoteInfo = GTR.Mac;
		};
/* End PBXContainerItemProxy section */

/* Begin PBXCopyFilesBuildPhase section */
		1014442022FA8A5400275DA2 /* Embed Frameworks */ = {
			isa = PBXCopyFilesBuildPhase;
			buildActionMask = 2147483647;
			dstPath = "";
			dstSubfolderSpec = 10;
			files = (
				1014441D22FA8A5400275DA2 /* GTR.framework in Embed Frameworks */,
			);
			name = "Embed Frameworks";
			runOnlyForDeploymentPostprocessing = 0;
		};
		1014443722FAA46500275DA2 /* Embed Frameworks */ = {
			isa = PBXCopyFilesBuildPhase;
			buildActionMask = 2147483647;
			dstPath = "";
			dstSubfolderSpec = 10;
			files = (
				1014443322FAA46500275DA2 /* GTR.framework in Embed Frameworks */,
			);
			name = "Embed Frameworks";
			runOnlyForDeploymentPostprocessing = 0;
		};
/* End PBXCopyFilesBuildPhase section */

/* Begin PBXFileReference section */
		101443F022FA877500275DA2 /* libcurl.a */ = {isa = PBXFileReference; lastKnownFileType = archive.ar; name = libcurl.a; path = ExternalLibrary/iOS/libcurl/lib/libcurl.a; sourceTree = "<group>"; };
		101443F622FA883A00275DA2 /* GTR.Mac.Demo.app */ = {isa = PBXFileReference; explicitFileType = wrapper.application; includeInIndex = 0; path = GTR.Mac.Demo.app; sourceTree = BUILT_PRODUCTS_DIR; };
		101443F822FA883A00275DA2 /* AppDelegate.swift */ = {isa = PBXFileReference; lastKnownFileType = sourcecode.swift; path = AppDelegate.swift; sourceTree = "<group>"; };
		101443FA22FA883A00275DA2 /* ViewController.swift */ = {isa = PBXFileReference; lastKnownFileType = sourcecode.swift; path = ViewController.swift; sourceTree = "<group>"; };
		101443FC22FA883B00275DA2 /* Assets.xcassets */ = {isa = PBXFileReference; lastKnownFileType = folder.assetcatalog; path = Assets.xcassets; sourceTree = "<group>"; };
		101443FF22FA883B00275DA2 /* Base */ = {isa = PBXFileReference; lastKnownFileType = file.storyboard; name = Base; path = Base.lproj/Main.storyboard; sourceTree = "<group>"; };
		1014440122FA883B00275DA2 /* Info.plist */ = {isa = PBXFileReference; lastKnownFileType = text.plist.xml; path = Info.plist; sourceTree = "<group>"; };
		1014440A22FA8A0800275DA2 /* GTR.iOS.Demo.app */ = {isa = PBXFileReference; explicitFileType = wrapper.application; includeInIndex = 0; path = GTR.iOS.Demo.app; sourceTree = BUILT_PRODUCTS_DIR; };
		1014440C22FA8A0800275DA2 /* AppDelegate.swift */ = {isa = PBXFileReference; lastKnownFileType = sourcecode.swift; path = AppDelegate.swift; sourceTree = "<group>"; };
		1014440E22FA8A0800275DA2 /* ViewController.swift */ = {isa = PBXFileReference; lastKnownFileType = sourcecode.swift; path = ViewController.swift; sourceTree = "<group>"; };
		1014441122FA8A0800275DA2 /* Base */ = {isa = PBXFileReference; lastKnownFileType = file.storyboard; name = Base; path = Base.lproj/Main.storyboard; sourceTree = "<group>"; };
		1014441322FA8A0900275DA2 /* Assets.xcassets */ = {isa = PBXFileReference; lastKnownFileType = folder.assetcatalog; path = Assets.xcassets; sourceTree = "<group>"; };
		1014441622FA8A0900275DA2 /* Base */ = {isa = PBXFileReference; lastKnownFileType = file.storyboard; name = Base; path = Base.lproj/LaunchScreen.storyboard; sourceTree = "<group>"; };
		1014441822FA8A0900275DA2 /* Info.plist */ = {isa = PBXFileReference; lastKnownFileType = text.plist.xml; path = Info.plist; sourceTree = "<group>"; };
		1014442B22FAA46500275DA2 /* GTR.framework */ = {isa = PBXFileReference; explicitFileType = wrapper.framework; includeInIndex = 0; path = GTR.framework; sourceTree = BUILT_PRODUCTS_DIR; };
		1014445D22FAAFBF00275DA2 /* libbrotli.a */ = {isa = PBXFileReference; lastKnownFileType = archive.ar; name = libbrotli.a; path = ExternalLibrary/iOS/libbrotli/lib/libbrotli.a; sourceTree = "<group>"; };
		1014445F22FAE2F900275DA2 /* libbrotli.a */ = {isa = PBXFileReference; lastKnownFileType = archive.ar; name = libbrotli.a; path = ExternalLibrary/macOS/libbrotli/lib/libbrotli.a; sourceTree = "<group>"; };
		1014446122FAE31000275DA2 /* libcurl.a */ = {isa = PBXFileReference; lastKnownFileType = archive.ar; name = libcurl.a; path = ExternalLibrary/macOS/libcurl/lib/libcurl.a; sourceTree = "<group>"; };
		1014446322FAE4B700275DA2 /* LDAP.framework */ = {isa = PBXFileReference; lastKnownFileType = wrapper.framework; name = LDAP.framework; path = Platforms/MacOSX.platform/Developer/SDKs/MacOSX10.14.sdk/System/Library/Frameworks/LDAP.framework; sourceTree = DEVELOPER_DIR; };
		1014446522FAE4D900275DA2 /* libz.tbd */ = {isa = PBXFileReference; lastKnownFileType = "sourcecode.text-based-dylib-definition"; name = libz.tbd; path = Platforms/MacOSX.platform/Developer/SDKs/MacOSX10.14.sdk/usr/lib/libz.tbd; sourceTree = DEVELOPER_DIR; };
		1014446822FAEE1A00275DA2 /* GTR.Mac.Demo.entitlements */ = {isa = PBXFileReference; lastKnownFileType = text.plist.entitlements; path = GTR.Mac.Demo.entitlements; sourceTree = "<group>"; };
		420D2F3C237A611600B67E37 /* README.md */ = {isa = PBXFileReference; lastKnownFileType = net.daringfireball.markdown; path = README.md; sourceTree = "<group>"; };
		420D2F3D237A611600B67E37 /* .gitattributes */ = {isa = PBXFileReference; lastKnownFileType = text; path = .gitattributes; sourceTree = "<group>"; };
		420D2F3E237A611600B67E37 /* .gitignore */ = {isa = PBXFileReference; lastKnownFileType = text; path = .gitignore; sourceTree = "<group>"; };
		4226E54A237AA27C001CF4B9 /* libcJSON.a */ = {isa = PBXFileReference; lastKnownFileType = archive.ar; name = libcJSON.a; path = ExternalLibrary/iOS/libcJSON/lib/libcJSON.a; sourceTree = "<group>"; };
		4226E54C237AA299001CF4B9 /* libcJSON.a */ = {isa = PBXFileReference; lastKnownFileType = archive.ar; name = libcJSON.a; path = ExternalLibrary/macOS/libcJSON/lib/libcJSON.a; sourceTree = "<group>"; };
		427D2AF32119FCEA00314C23 /* libz.tbd */ = {isa = PBXFileReference; lastKnownFileType = "sourcecode.text-based-dylib-definition"; name = libz.tbd; path = usr/lib/libz.tbd; sourceTree = SDKROOT; };
		42D31369242CC0520048ADDA /* libbrotli.maccatalyst.a */ = {isa = PBXFileReference; lastKnownFileType = archive.ar; name = libbrotli.maccatalyst.a; path = ExternalLibrary/maccatalyst/libbrotli/lib/libbrotli.maccatalyst.a; sourceTree = "<group>"; };
		42D3136A242CC0600048ADDA /* libcJSON.maccatalyst.a */ = {isa = PBXFileReference; lastKnownFileType = archive.ar; name = libcJSON.maccatalyst.a; path = ExternalLibrary/maccatalyst/libcJSON/lib/libcJSON.maccatalyst.a; sourceTree = "<group>"; };
		42D3136B242CC06B0048ADDA /* libcurl.maccatalyst.a */ = {isa = PBXFileReference; lastKnownFileType = archive.ar; name = libcurl.maccatalyst.a; path = ExternalLibrary/maccatalyst/libcurl/lib/libcurl.maccatalyst.a; sourceTree = "<group>"; };
		42F0B0982119EF8A00D01CC4 /* GTR.framework */ = {isa = PBXFileReference; explicitFileType = wrapper.framework; includeInIndex = 0; path = GTR.framework; sourceTree = BUILT_PRODUCTS_DIR; };
		42F0B09C2119EF8A00D01CC4 /* Info.plist */ = {isa = PBXFileReference; lastKnownFileType = text.plist.xml; path = Info.plist; sourceTree = "<group>"; };
		4530401E2B4A724983C76373 /* ResponseInfo.Time.swift */ = {isa = PBXFileReference; fileEncoding = 4; lastKnownFileType = sourcecode.swift; path = ResponseInfo.Time.swift; sourceTree = "<group>"; };
		4530409AF7B0573A92813AB3 /* Option.Task.swift */ = {isa = PBXFileReference; fileEncoding = 4; lastKnownFileType = sourcecode.swift; path = Option.Task.swift; sourceTree = "<group>"; };
		4530409BD353035B085B3C43 /* GTR.swift */ = {isa = PBXFileReference; fileEncoding = 4; lastKnownFileType = sourcecode.swift; path = GTR.swift; sourceTree = "<group>"; };
		453040DBEC7B95F7855F185D /* gtr_callback.h */ = {isa = PBXFileReference; fileEncoding = 4; lastKnownFileType = sourcecode.c.h; path = gtr_callback.h; sourceTree = "<group>"; };
		45304127BF97F2A44EC80D2E /* ResponseInfo.swift */ = {isa = PBXFileReference; fileEncoding = 4; lastKnownFileType = sourcecode.swift; path = ResponseInfo.swift; sourceTree = "<group>"; };
		453041465001FC167A94594F /* gtr_thread_pool.c */ = {isa = PBXFileReference; fileEncoding = 4; lastKnownFileType = sourcecode.c.c; path = gtr_thread_pool.c; sourceTree = "<group>"; };
		4530415270F1E7681B9D60EC /* gtr_curl_map.h */ = {isa = PBXFileReference; fileEncoding = 4; lastKnownFileType = sourcecode.c.h; path = gtr_curl_map.h; sourceTree = "<group>"; };
		453041E2813151DA95078D9F /* Dictionary.Filter.swift */ = {isa = PBXFileReference; fileEncoding = 4; lastKnownFileType = sourcecode.swift; path = Dictionary.Filter.swift; sourceTree = "<group>"; };
		453041FA93207E0F7190700F /* ResponseInfo.SSL.swift */ = {isa = PBXFileReference; fileEncoding = 4; lastKnownFileType = sourcecode.swift; path = ResponseInfo.SSL.swift; sourceTree = "<group>"; };
		4530421F6850913AB2029ABD /* gtr_proxy.c */ = {isa = PBXFileReference; fileEncoding = 4; lastKnownFileType = sourcecode.c.c; path = gtr_proxy.c; sourceTree = "<group>"; };
		453042396006C73E96B8C0A9 /* Bridge.Callback.h */ = {isa = PBXFileReference; fileEncoding = 4; lastKnownFileType = sourcecode.c.h; path = Bridge.Callback.h; sourceTree = "<group>"; };
		4530425552CB98343547AD26 /* ContentType.swift */ = {isa = PBXFileReference; fileEncoding = 4; lastKnownFileType = sourcecode.swift; path = ContentType.swift; sourceTree = "<group>"; };
		453042618C3440EFFB3E5ECA /* gtr_task_id.c */ = {isa = PBXFileReference; fileEncoding = 4; lastKnownFileType = sourcecode.c.c; path = gtr_task_id.c; sourceTree = "<group>"; };
		4530427E9307BB46C1362FB2 /* Option.SpeedLimit.swift */ = {isa = PBXFileReference; fileEncoding = 4; lastKnownFileType = sourcecode.swift; path = Option.SpeedLimit.swift; sourceTree = "<group>"; };
		4530428C99D71BC9C8F67C1D /* gtr_file_utilty.c */ = {isa = PBXFileReference; fileEncoding = 4; lastKnownFileType = sourcecode.c.c; path = gtr_file_utilty.c; sourceTree = "<group>"; };
		453042DFEBE6656C1AEA136C /* Option.Proxy.swift */ = {isa = PBXFileReference; fileEncoding = 4; lastKnownFileType = sourcecode.swift; path = Option.Proxy.swift; sourceTree = "<group>"; };
		45304331F349EC915B692895 /* Bridge.Core.swift */ = {isa = PBXFileReference; fileEncoding = 4; lastKnownFileType = sourcecode.swift; path = Bridge.Core.swift; sourceTree = "<group>"; };
		453043524BBF19360E89D12A /* CustomDemo.swift */ = {isa = PBXFileReference; fileEncoding = 4; lastKnownFileType = sourcecode.swift; path = CustomDemo.swift; sourceTree = "<group>"; };
		4530435D8BFC3680C9DD34CC /* ResponseInfo.Size.swift */ = {isa = PBXFileReference; fileEncoding = 4; lastKnownFileType = sourcecode.swift; path = ResponseInfo.Size.swift; sourceTree = "<group>"; };
		4530437B47CE4FD6AD68ECA0 /* ProxyDemo.swift */ = {isa = PBXFileReference; fileEncoding = 4; lastKnownFileType = sourcecode.swift; path = ProxyDemo.swift; sourceTree = "<group>"; };
		453043ACC1126E305EE0AEEE /* Lock.swift */ = {isa = PBXFileReference; fileEncoding = 4; lastKnownFileType = sourcecode.swift; path = Lock.swift; sourceTree = "<group>"; };
		4530442FA9172EF1D3A9FD2A /* gtr_response.c */ = {isa = PBXFileReference; fileEncoding = 4; lastKnownFileType = sourcecode.c.c; path = gtr_response.c; sourceTree = "<group>"; };
		453044583425C310F13F28F1 /* Mime.swift */ = {isa = PBXFileReference; fileEncoding = 4; lastKnownFileType = sourcecode.swift; path = Mime.swift; sourceTree = "<group>"; };
		4530447DEF7F65DBA6CC1FCF /* gtr_task_id.h */ = {isa = PBXFileReference; fileEncoding = 4; lastKnownFileType = sourcecode.c.h; path = gtr_task_id.h; sourceTree = "<group>"; };
		4530448FAF17E131A285D3CA /* Destination.swift */ = {isa = PBXFileReference; fileEncoding = 4; lastKnownFileType = sourcecode.swift; path = Destination.swift; sourceTree = "<group>"; };
		453044C9CEB3987575E9104C /* gtr_thread_pool.h */ = {isa = PBXFileReference; fileEncoding = 4; lastKnownFileType = sourcecode.c.h; path = gtr_thread_pool.h; sourceTree = "<group>"; };
		453044F2A2359F10494DFB9A /* Bridge.Core.h */ = {isa = PBXFileReference; fileEncoding = 4; lastKnownFileType = sourcecode.c.h; path = Bridge.Core.h; sourceTree = "<group>"; };
		4530451433221672413E285C /* CacheDemo.swift */ = {isa = PBXFileReference; fileEncoding = 4; lastKnownFileType = sourcecode.swift; path = CacheDemo.swift; sourceTree = "<group>"; };
		4530456198C60CC3F6813D95 /* gtr_response.h */ = {isa = PBXFileReference; fileEncoding = 4; lastKnownFileType = sourcecode.c.h; path = gtr_response.h; sourceTree = "<group>"; };
		4530460F1160445F37D5FC14 /* Bridge.Task.h */ = {isa = PBXFileReference; fileEncoding = 4; lastKnownFileType = sourcecode.c.h; path = Bridge.Task.h; sourceTree = "<group>"; };
		45304658050C8401DBCAE0F6 /* gtr_method.h */ = {isa = PBXFileReference; fileEncoding = 4; lastKnownFileType = sourcecode.c.h; path = gtr_method.h; sourceTree = "<group>"; };
		4530466502F7970352AF4A13 /* gtr_race.c */ = {isa = PBXFileReference; fileEncoding = 4; lastKnownFileType = sourcecode.c.c; path = gtr_race.c; sourceTree = "<group>"; };
		453046A2FD60608F31F27ECC /* GearBox.swift */ = {isa = PBXFileReference; fileEncoding = 4; lastKnownFileType = sourcecode.swift; path = GearBox.swift; sourceTree = "<group>"; };
		453046B78AE5DDE753D1E372 /* gtr_log.h */ = {isa = PBXFileReference; fileEncoding = 4; lastKnownFileType = sourcecode.c.h; path = gtr_log.h; sourceTree = "<group>"; };
		453046BB5B22A78B818E166D /* Option.TimeCondition.swift */ = {isa = PBXFileReference; fileEncoding = 4; lastKnownFileType = sourcecode.swift; path = Option.TimeCondition.swift; sourceTree = "<group>"; };
		453046C71873837E02FBC193 /* gtr_log.c */ = {isa = PBXFileReference; fileEncoding = 4; lastKnownFileType = sourcecode.c.c; path = gtr_log.c; sourceTree = "<group>"; };
		453047079EF9B310CECD36E8 /* Option.swift */ = {isa = PBXFileReference; fileEncoding = 4; lastKnownFileType = sourcecode.swift; path = Option.swift; sourceTree = "<group>"; };
		453047209F7E1BE3C49273A0 /* Error.swift */ = {isa = PBXFileReference; fileEncoding = 4; lastKnownFileType = sourcecode.swift; path = Error.swift; sourceTree = "<group>"; };
		453047929B1CBB041FE3D456 /* FormDataDemo.swift */ = {isa = PBXFileReference; fileEncoding = 4; lastKnownFileType = sourcecode.swift; path = FormDataDemo.swift; sourceTree = "<group>"; };
		4530479472D7EB72D361A9BE /* gtr_core.h */ = {isa = PBXFileReference; fileEncoding = 4; lastKnownFileType = sourcecode.c.h; path = gtr_core.h; sourceTree = "<group>"; };
		453047D3BDE1ED0674617279 /* Dictionary.NetworkJSON.swift */ = {isa = PBXFileReference; fileEncoding = 4; lastKnownFileType = sourcecode.swift; path = Dictionary.NetworkJSON.swift; sourceTree = "<group>"; };
		4530484CF9C4AF29AA0C905C /* gtr_method.c */ = {isa = PBXFileReference; fileEncoding = 4; lastKnownFileType = sourcecode.c.c; path = gtr_method.c; sourceTree = "<group>"; };
		453048568496485D627479DE /* Driver.swift */ = {isa = PBXFileReference; fileEncoding = 4; lastKnownFileType = sourcecode.swift; path = Driver.swift; sourceTree = "<group>"; };
		45304873182CCB2835EB77BA /* URL.Query.swift */ = {isa = PBXFileReference; fileEncoding = 4; lastKnownFileType = sourcecode.swift; path = URL.Query.swift; sourceTree = "<group>"; };
		453048DF889D342B8675C662 /* Option.ResponseInfo.swift */ = {isa = PBXFileReference; fileEncoding = 4; lastKnownFileType = sourcecode.swift; path = Option.ResponseInfo.swift; sourceTree = "<group>"; };
		453048EC33B2865255E0FCD2 /* Bridge.Task.swift */ = {isa = PBXFileReference; fileEncoding = 4; lastKnownFileType = sourcecode.swift; path = Bridge.Task.swift; sourceTree = "<group>"; };
		453048F080CF4B56A9516823 /* gtr_proxy.h */ = {isa = PBXFileReference; fileEncoding = 4; lastKnownFileType = sourcecode.c.h; path = gtr_proxy.h; sourceTree = "<group>"; };
		453049A900E1536074EC5A11 /* Engine.swift */ = {isa = PBXFileReference; fileEncoding = 4; lastKnownFileType = sourcecode.swift; path = Engine.swift; sourceTree = "<group>"; };
		453049D9A2FBAAF2D55E3BDB /* gtr_atomic.h */ = {isa = PBXFileReference; fileEncoding = 4; lastKnownFileType = sourcecode.c.h; path = gtr_atomic.h; sourceTree = "<group>"; };
		45304A43BE3071F84DC2A459 /* gtr_file_utilty.h */ = {isa = PBXFileReference; fileEncoding = 4; lastKnownFileType = sourcecode.c.h; path = gtr_file_utilty.h; sourceTree = "<group>"; };
		45304A47184D26DCE52EC436 /* gtr_core.c */ = {isa = PBXFileReference; fileEncoding = 4; lastKnownFileType = sourcecode.c.c; path = gtr_core.c; sourceTree = "<group>"; };
		45304A7788CC2F3DAADEE6F9 /* gtr_race.h */ = {isa = PBXFileReference; fileEncoding = 4; lastKnownFileType = sourcecode.c.h; path = gtr_race.h; sourceTree = "<group>"; };
		45304AA86F5A166AC1144AAA /* gtr_atomic.c */ = {isa = PBXFileReference; fileEncoding = 4; lastKnownFileType = sourcecode.c.c; path = gtr_atomic.c; sourceTree = "<group>"; };
		45304ACE10FB624A2B547201 /* PostDemo.swift */ = {isa = PBXFileReference; fileEncoding = 4; lastKnownFileType = sourcecode.swift; path = PostDemo.swift; sourceTree = "<group>"; };
		45304B07088F57658B0C17A6 /* Data.UnsafePointer.swift */ = {isa = PBXFileReference; fileEncoding = 4; lastKnownFileType = sourcecode.swift; path = Data.UnsafePointer.swift; sourceTree = "<group>"; };
		45304B8991FAD9B4989338B1 /* ResponseInfo.Speed.swift */ = {isa = PBXFileReference; fileEncoding = 4; lastKnownFileType = sourcecode.swift; path = ResponseInfo.Speed.swift; sourceTree = "<group>"; };
		45304BC7EF220E7A98049088 /* Bridge.Core.c */ = {isa = PBXFileReference; fileEncoding = 4; lastKnownFileType = sourcecode.c.c; path = Bridge.Core.c; sourceTree = "<group>"; };
		45304BFC8955BB5D5C9E3115 /* ResponseInfo.Base.swift */ = {isa = PBXFileReference; fileEncoding = 4; lastKnownFileType = sourcecode.swift; path = ResponseInfo.Base.swift; sourceTree = "<group>"; };
		45304C22145A685B9B217A04 /* Coder.swift */ = {isa = PBXFileReference; fileEncoding = 4; lastKnownFileType = sourcecode.swift; path = Coder.swift; sourceTree = "<group>"; };
		45304D3B569F8561E604FD09 /* Goal.swift */ = {isa = PBXFileReference; fileEncoding = 4; lastKnownFileType = sourcecode.swift; path = Goal.swift; sourceTree = "<group>"; };
		45304DCA2AA246D7C890A68D /* ResponseInfo.Socket.swift */ = {isa = PBXFileReference; fileEncoding = 4; lastKnownFileType = sourcecode.swift; path = ResponseInfo.Socket.swift; sourceTree = "<group>"; };
		45304DD81244CC86D323BADB /* gtr_callback.c */ = {isa = PBXFileReference; fileEncoding = 4; lastKnownFileType = sourcecode.c.c; path = gtr_callback.c; sourceTree = "<group>"; };
		45304E0E09D4A48169922F26 /* Race.swift */ = {isa = PBXFileReference; fileEncoding = 4; lastKnownFileType = sourcecode.swift; path = Race.swift; sourceTree = "<group>"; };
		45304E173EEA2A6427BF1593 /* gtr_curl_map.c */ = {isa = PBXFileReference; fileEncoding = 4; lastKnownFileType = sourcecode.c.c; path = gtr_curl_map.c; sourceTree = "<group>"; };
		45304E775DAC1E47DC49EA90 /* Bridge.Task.c */ = {isa = PBXFileReference; fileEncoding = 4; lastKnownFileType = sourcecode.c.c; path = Bridge.Task.c; sourceTree = "<group>"; };
		45304E8C2150F7FAFA569796 /* Horn.swift */ = {isa = PBXFileReference; fileEncoding = 4; lastKnownFileType = sourcecode.swift; path = Horn.swift; sourceTree = "<group>"; };
		45304EB7F646746507502BCA /* Method.swift */ = {isa = PBXFileReference; fileEncoding = 4; lastKnownFileType = sourcecode.swift; path = Method.swift; sourceTree = "<group>"; };
		45304EF7820F0C15F84B295F /* HttpHeader.swift */ = {isa = PBXFileReference; fileEncoding = 4; lastKnownFileType = sourcecode.swift; path = HttpHeader.swift; sourceTree = "<group>"; };
		45304FD728BC2AF719ABACF0 /* Bridge.Callback.swift */ = {isa = PBXFileReference; fileEncoding = 4; lastKnownFileType = sourcecode.swift; path = Bridge.Callback.swift; sourceTree = "<group>"; };
		B2D2A285D9FB8A0AC436864E /* GetCacheDemo.swift */ = {isa = PBXFileReference; fileEncoding = 4; lastKnownFileType = sourcecode.swift; path = GetCacheDemo.swift; sourceTree = "<group>"; };
		B2D2A639318A3EBCDDE7F5F4 /* GetDemo.swift */ = {isa = PBXFileReference; fileEncoding = 4; lastKnownFileType = sourcecode.swift; path = GetDemo.swift; sourceTree = "<group>"; };
		B2D2A70F0C6C9CD9BFD550BB /* DownloadDemo.swift */ = {isa = PBXFileReference; fileEncoding = 4; lastKnownFileType = sourcecode.swift; path = DownloadDemo.swift; sourceTree = "<group>"; };
		B2D2AE96645DF01C2B54B99E /* BrotliDemo.swift */ = {isa = PBXFileReference; fileEncoding = 4; lastKnownFileType = sourcecode.swift; path = BrotliDemo.swift; sourceTree = "<group>"; };
		B2D2AF2B4BE0A9F3E7EF79E9 /* URLSessionDemo.swift */ = {isa = PBXFileReference; fileEncoding = 4; lastKnownFileType = sourcecode.swift; path = URLSessionDemo.swift; sourceTree = "<group>"; };
/* End PBXFileReference section */

/* Begin PBXFrameworksBuildPhase section */
		101443F322FA883A00275DA2 /* Frameworks */ = {
			isa = PBXFrameworksBuildPhase;
			buildActionMask = 2147483647;
			files = (
				10ACE334233081A1006CFEDD /* LDAP.framework in Frameworks */,
				1014443222FAA46500275DA2 /* GTR.framework in Frameworks */,
			);
			runOnlyForDeploymentPostprocessing = 0;
		};
		1014440722FA8A0800275DA2 /* Frameworks */ = {
			isa = PBXFrameworksBuildPhase;
			buildActionMask = 2147483647;
			files = (
				1014441C22FA8A5400275DA2 /* GTR.framework in Frameworks */,
			);
			runOnlyForDeploymentPostprocessing = 0;
		};
		1014442822FAA46500275DA2 /* Frameworks */ = {
			isa = PBXFrameworksBuildPhase;
			buildActionMask = 2147483647;
			files = (
				1014446622FAE4D900275DA2 /* libz.tbd in Frameworks */,
				4226E54E237AA2EB001CF4B9 /* libcJSON.a in Frameworks */,
				1014446422FAE4B700275DA2 /* LDAP.framework in Frameworks */,
				1014446222FAE31000275DA2 /* libcurl.a in Frameworks */,
				1014446022FAE2F900275DA2 /* libbrotli.a in Frameworks */,
			);
			runOnlyForDeploymentPostprocessing = 0;
		};
		42F0B0942119EF8A00D01CC4 /* Frameworks */ = {
			isa = PBXFrameworksBuildPhase;
			buildActionMask = 2147483647;
			files = (
				1014445E22FAAFBF00275DA2 /* libbrotli.a in Frameworks */,
				42D3136C242CC07A0048ADDA /* libbrotli.maccatalyst.a in Frameworks */,
				4226E54B237AA288001CF4B9 /* libcJSON.a in Frameworks */,
				42D3136D242CC0870048ADDA /* libcJSON.maccatalyst.a in Frameworks */,
				101443F122FA877500275DA2 /* libcurl.a in Frameworks */,
				42D3136E242CC0950048ADDA /* libcurl.maccatalyst.a in Frameworks */,
				427D2AF42119FCEA00314C23 /* libz.tbd in Frameworks */,
			);
			runOnlyForDeploymentPostprocessing = 0;
		};
/* End PBXFrameworksBuildPhase section */

/* Begin PBXGroup section */
		101443F722FA883A00275DA2 /* GTR.Mac.Demo */ = {
			isa = PBXGroup;
			children = (
				1014446822FAEE1A00275DA2 /* GTR.Mac.Demo.entitlements */,
				101443F822FA883A00275DA2 /* AppDelegate.swift */,
				101443FA22FA883A00275DA2 /* ViewController.swift */,
				101443FC22FA883B00275DA2 /* Assets.xcassets */,
				101443FE22FA883B00275DA2 /* Main.storyboard */,
				1014440122FA883B00275DA2 /* Info.plist */,
			);
			path = GTR.Mac.Demo;
			sourceTree = "<group>";
		};
		1014440B22FA8A0800275DA2 /* GTR.iOS.Demo */ = {
			isa = PBXGroup;
			children = (
				1014440C22FA8A0800275DA2 /* AppDelegate.swift */,
				1014440E22FA8A0800275DA2 /* ViewController.swift */,
				1014441022FA8A0800275DA2 /* Main.storyboard */,
				1014441322FA8A0900275DA2 /* Assets.xcassets */,
				1014441522FA8A0900275DA2 /* LaunchScreen.storyboard */,
				1014441822FA8A0900275DA2 /* Info.plist */,
			);
			path = GTR.iOS.Demo;
			sourceTree = "<group>";
		};
		1014443822FAA48600275DA2 /* Source */ = {
			isa = PBXGroup;
			children = (
				42F0B09C2119EF8A00D01CC4 /* Info.plist */,
				453045B6B1D86C9512491BF0 /* Backend */,
				4530463497E899879234AB97 /* Bridge */,
				453040F1BC57D0FD9F35628B /* Frontend */,
			);
			path = Source;
			sourceTree = "<group>";
		};
		427D2AEA2119FA1D00314C23 /* Frameworks */ = {
			isa = PBXGroup;
			children = (
				42D3136B242CC06B0048ADDA /* libcurl.maccatalyst.a */,
				42D3136A242CC0600048ADDA /* libcJSON.maccatalyst.a */,
				42D31369242CC0520048ADDA /* libbrotli.maccatalyst.a */,
				4226E54A237AA27C001CF4B9 /* libcJSON.a */,
				4226E54C237AA299001CF4B9 /* libcJSON.a */,
				1014446522FAE4D900275DA2 /* libz.tbd */,
				1014446322FAE4B700275DA2 /* LDAP.framework */,
				1014446122FAE31000275DA2 /* libcurl.a */,
				1014445D22FAAFBF00275DA2 /* libbrotli.a */,
				1014445F22FAE2F900275DA2 /* libbrotli.a */,
				101443F022FA877500275DA2 /* libcurl.a */,
				427D2AF32119FCEA00314C23 /* libz.tbd */,
			);
			name = Frameworks;
			sourceTree = "<group>";
		};
		42C2C92C23797303001BC1D7 /* RaceDemo */ = {
			isa = PBXGroup;
			children = (
				B2D2A639318A3EBCDDE7F5F4 /* GetDemo.swift */,
				B2D2AE96645DF01C2B54B99E /* BrotliDemo.swift */,
				B2D2A70F0C6C9CD9BFD550BB /* DownloadDemo.swift */,
				B2D2AF2B4BE0A9F3E7EF79E9 /* URLSessionDemo.swift */,
				B2D2A285D9FB8A0AC436864E /* GetCacheDemo.swift */,
				45304ACE10FB624A2B547201 /* PostDemo.swift */,
				453043524BBF19360E89D12A /* CustomDemo.swift */,
				4530437B47CE4FD6AD68ECA0 /* ProxyDemo.swift */,
				45304EF7820F0C15F84B295F /* HttpHeader.swift */,
				453047929B1CBB041FE3D456 /* FormDataDemo.swift */,
				4530451433221672413E285C /* CacheDemo.swift */,
			);
			path = RaceDemo;
			sourceTree = "<group>";
		};
		42F0B08E2119EF8A00D01CC4 = {
			isa = PBXGroup;
			children = (
				420D2F3D237A611600B67E37 /* .gitattributes */,
				420D2F3E237A611600B67E37 /* .gitignore */,
				420D2F3C237A611600B67E37 /* README.md */,
				1014443822FAA48600275DA2 /* Source */,
				42C2C92C23797303001BC1D7 /* RaceDemo */,
				101443F722FA883A00275DA2 /* GTR.Mac.Demo */,
				1014440B22FA8A0800275DA2 /* GTR.iOS.Demo */,
				42F0B0992119EF8A00D01CC4 /* Products */,
				427D2AEA2119FA1D00314C23 /* Frameworks */,
			);
			sourceTree = "<group>";
		};
		42F0B0992119EF8A00D01CC4 /* Products */ = {
			isa = PBXGroup;
			children = (
				42F0B0982119EF8A00D01CC4 /* GTR.framework */,
				101443F622FA883A00275DA2 /* GTR.Mac.Demo.app */,
				1014440A22FA8A0800275DA2 /* GTR.iOS.Demo.app */,
				1014442B22FAA46500275DA2 /* GTR.framework */,
			);
			name = Products;
			sourceTree = "<group>";
		};
		45304074221478D317744F9B /* Extension */ = {
			isa = PBXGroup;
			children = (
				453047D3BDE1ED0674617279 /* Dictionary.NetworkJSON.swift */,
				45304B07088F57658B0C17A6 /* Data.UnsafePointer.swift */,
				45304873182CCB2835EB77BA /* URL.Query.swift */,
				453041E2813151DA95078D9F /* Dictionary.Filter.swift */,
			);
			path = Extension;
			sourceTree = "<group>";
		};
		453040F1BC57D0FD9F35628B /* Frontend */ = {
			isa = PBXGroup;
			children = (
				45304EE052C93695F1492FDA /* GTR */,
				45304074221478D317744F9B /* Extension */,
			);
			path = Frontend;
			sourceTree = "<group>";
		};
		453041108EA977EA9E8CE015 /* task_id */ = {
			isa = PBXGroup;
			children = (
				4530447DEF7F65DBA6CC1FCF /* gtr_task_id.h */,
				453042618C3440EFFB3E5ECA /* gtr_task_id.c */,
			);
			path = task_id;
			sourceTree = "<group>";
		};
		45304163ADC298FA6AD08DFA /* gtr */ = {
			isa = PBXGroup;
			children = (
				45304C2C1CB2ACB9E36D9A93 /* core */,
				4530436CFDB19094CCAD87BA /* utility */,
				45304FC2C1EBFE4C0D50FA69 /* log */,
				45304EC1673102DA2D795F53 /* proxy */,
				45304D8FDFC59D54270DB23D /* race */,
				453041108EA977EA9E8CE015 /* task_id */,
				45304A441C64BE38AEBD28B8 /* callback */,
				453047C793222F71325964E9 /* method */,
				45304AEB073BB83DC6906D1E /* reponse */,
				45304DDD1BB199A19EEC1C62 /* curl_map */,
			);
			path = gtr;
			sourceTree = "<group>";
		};
		453042D8C3B4B97024915FB3 /* thread_pool */ = {
			isa = PBXGroup;
			children = (
				453044C9CEB3987575E9104C /* gtr_thread_pool.h */,
				453041465001FC167A94594F /* gtr_thread_pool.c */,
			);
			path = thread_pool;
			sourceTree = "<group>";
		};
		4530436CFDB19094CCAD87BA /* utility */ = {
			isa = PBXGroup;
			children = (
				4530428C99D71BC9C8F67C1D /* gtr_file_utilty.c */,
				45304A43BE3071F84DC2A459 /* gtr_file_utilty.h */,
			);
			path = utility;
			sourceTree = "<group>";
		};
		45304536A423A670B6FB4AB2 /* Engine */ = {
			isa = PBXGroup;
			children = (
				453049A900E1536074EC5A11 /* Engine.swift */,
			);
			path = Engine;
			sourceTree = "<group>";
		};
		453045A160DA8AE8649D697F /* Lock */ = {
			isa = PBXGroup;
			children = (
				453043ACC1126E305EE0AEEE /* Lock.swift */,
			);
			path = Lock;
			sourceTree = "<group>";
		};
		453045B6B1D86C9512491BF0 /* Backend */ = {
			isa = PBXGroup;
			children = (
				453042D8C3B4B97024915FB3 /* thread_pool */,
				45304CDFC9C982656C4D0CA0 /* atomic */,
				45304163ADC298FA6AD08DFA /* gtr */,
			);
			path = Backend;
			sourceTree = "<group>";
		};
		45304615A4832AAF937C6130 /* Goal */ = {
			isa = PBXGroup;
			children = (
				45304D3B569F8561E604FD09 /* Goal.swift */,
			);
			path = Goal;
			sourceTree = "<group>";
		};
		4530461E9EE15112D351597A /* Coder */ = {
			isa = PBXGroup;
			children = (
				45304C22145A685B9B217A04 /* Coder.swift */,
			);
			path = Coder;
			sourceTree = "<group>";
		};
		4530463497E899879234AB97 /* Bridge */ = {
			isa = PBXGroup;
			children = (
				4530465838C3697DC458BEB1 /* Callback */,
				453047B2ED97D1A07BAC7E98 /* Core */,
				45304BC9A0A021915F294B19 /* Task */,
			);
			path = Bridge;
			sourceTree = "<group>";
		};
		4530465838C3697DC458BEB1 /* Callback */ = {
			isa = PBXGroup;
			children = (
				453042396006C73E96B8C0A9 /* Bridge.Callback.h */,
				45304FD728BC2AF719ABACF0 /* Bridge.Callback.swift */,
			);
			path = Callback;
			sourceTree = "<group>";
		};
		453047B2ED97D1A07BAC7E98 /* Core */ = {
			isa = PBXGroup;
			children = (
				453044F2A2359F10494DFB9A /* Bridge.Core.h */,
				45304BC7EF220E7A98049088 /* Bridge.Core.c */,
				45304331F349EC915B692895 /* Bridge.Core.swift */,
			);
			path = Core;
			sourceTree = "<group>";
		};
		453047C793222F71325964E9 /* method */ = {
			isa = PBXGroup;
			children = (
				45304658050C8401DBCAE0F6 /* gtr_method.h */,
				4530484CF9C4AF29AA0C905C /* gtr_method.c */,
			);
			path = method;
			sourceTree = "<group>";
		};
		4530484CCCD6C3ACEEA2ABD8 /* Driver */ = {
			isa = PBXGroup;
			children = (
				453048568496485D627479DE /* Driver.swift */,
			);
			path = Driver;
			sourceTree = "<group>";
		};
		4530494CC6DDF5518278EE9F /* Mime */ = {
			isa = PBXGroup;
			children = (
				453044583425C310F13F28F1 /* Mime.swift */,
			);
			path = Mime;
			sourceTree = "<group>";
		};
		45304A441C64BE38AEBD28B8 /* callback */ = {
			isa = PBXGroup;
			children = (
				453040DBEC7B95F7855F185D /* gtr_callback.h */,
				45304DD81244CC86D323BADB /* gtr_callback.c */,
			);
			path = callback;
			sourceTree = "<group>";
		};
		45304A6C1BC5465C8C697EC8 /* Method */ = {
			isa = PBXGroup;
			children = (
				45304EB7F646746507502BCA /* Method.swift */,
			);
			path = Method;
			sourceTree = "<group>";
		};
		45304AEB073BB83DC6906D1E /* reponse */ = {
			isa = PBXGroup;
			children = (
				4530456198C60CC3F6813D95 /* gtr_response.h */,
				4530442FA9172EF1D3A9FD2A /* gtr_response.c */,
			);
			path = reponse;
			sourceTree = "<group>";
		};
		45304B07697D61E4C13CA323 /* GearBox */ = {
			isa = PBXGroup;
			children = (
				453046A2FD60608F31F27ECC /* GearBox.swift */,
			);
			path = GearBox;
			sourceTree = "<group>";
		};
		45304BC9A0A021915F294B19 /* Task */ = {
			isa = PBXGroup;
			children = (
				4530460F1160445F37D5FC14 /* Bridge.Task.h */,
				45304E775DAC1E47DC49EA90 /* Bridge.Task.c */,
				453048EC33B2865255E0FCD2 /* Bridge.Task.swift */,
			);
			path = Task;
			sourceTree = "<group>";
		};
		45304C2C1CB2ACB9E36D9A93 /* core */ = {
			isa = PBXGroup;
			children = (
				4530479472D7EB72D361A9BE /* gtr_core.h */,
				45304A47184D26DCE52EC436 /* gtr_core.c */,
			);
			path = core;
			sourceTree = "<group>";
		};
		45304CDFC9C982656C4D0CA0 /* atomic */ = {
			isa = PBXGroup;
			children = (
				45304AA86F5A166AC1144AAA /* gtr_atomic.c */,
				453049D9A2FBAAF2D55E3BDB /* gtr_atomic.h */,
			);
			path = atomic;
			sourceTree = "<group>";
		};
		45304D0EAB1F3F5BDFD80415 /* Horn */ = {
			isa = PBXGroup;
			children = (
				45304E8C2150F7FAFA569796 /* Horn.swift */,
			);
			path = Horn;
			sourceTree = "<group>";
		};
		45304D74A7C4224FD0E21B9C /* Race */ = {
			isa = PBXGroup;
			children = (
				45304E0E09D4A48169922F26 /* Race.swift */,
			);
			path = Race;
			sourceTree = "<group>";
		};
		45304D7E1168ECB72C4DF2A2 /* Error */ = {
			isa = PBXGroup;
			children = (
				453047209F7E1BE3C49273A0 /* Error.swift */,
			);
			path = Error;
			sourceTree = "<group>";
		};
		45304D8215017B05F4CDBA31 /* ContentType */ = {
			isa = PBXGroup;
			children = (
				4530425552CB98343547AD26 /* ContentType.swift */,
			);
			path = ContentType;
			sourceTree = "<group>";
		};
		45304D8FDFC59D54270DB23D /* race */ = {
			isa = PBXGroup;
			children = (
				4530466502F7970352AF4A13 /* gtr_race.c */,
				45304A7788CC2F3DAADEE6F9 /* gtr_race.h */,
			);
			path = race;
			sourceTree = "<group>";
		};
		45304DDD1BB199A19EEC1C62 /* curl_map */ = {
			isa = PBXGroup;
			children = (
				4530415270F1E7681B9D60EC /* gtr_curl_map.h */,
				45304E173EEA2A6427BF1593 /* gtr_curl_map.c */,
			);
			path = curl_map;
			sourceTree = "<group>";
		};
		45304E9F056F7BF5B1A469A7 /* Destionation */ = {
			isa = PBXGroup;
			children = (
				4530448FAF17E131A285D3CA /* Destination.swift */,
			);
			path = Destionation;
			sourceTree = "<group>";
		};
		45304EC1673102DA2D795F53 /* proxy */ = {
			isa = PBXGroup;
			children = (
				4530421F6850913AB2029ABD /* gtr_proxy.c */,
				453048F080CF4B56A9516823 /* gtr_proxy.h */,
			);
			path = proxy;
			sourceTree = "<group>";
		};
		45304EC8BCADC32BA9342338 /* ResponseInfo */ = {
			isa = PBXGroup;
			children = (
				45304127BF97F2A44EC80D2E /* ResponseInfo.swift */,
				45304BFC8955BB5D5C9E3115 /* ResponseInfo.Base.swift */,
				4530401E2B4A724983C76373 /* ResponseInfo.Time.swift */,
				4530435D8BFC3680C9DD34CC /* ResponseInfo.Size.swift */,
				45304B8991FAD9B4989338B1 /* ResponseInfo.Speed.swift */,
				453041FA93207E0F7190700F /* ResponseInfo.SSL.swift */,
				45304DCA2AA246D7C890A68D /* ResponseInfo.Socket.swift */,
			);
			path = ResponseInfo;
			sourceTree = "<group>";
		};
		45304EE052C93695F1492FDA /* GTR */ = {
			isa = PBXGroup;
			children = (
				4530409BD353035B085B3C43 /* GTR.swift */,
				45304B07697D61E4C13CA323 /* GearBox */,
				45304615A4832AAF937C6130 /* Goal */,
				45304EC8BCADC32BA9342338 /* ResponseInfo */,
				45304D7E1168ECB72C4DF2A2 /* Error */,
				4530461E9EE15112D351597A /* Coder */,
				45304D0EAB1F3F5BDFD80415 /* Horn */,
				453045A160DA8AE8649D697F /* Lock */,
				45304E9F056F7BF5B1A469A7 /* Destionation */,
				45304D8215017B05F4CDBA31 /* ContentType */,
				45304A6C1BC5465C8C697EC8 /* Method */,
				45304536A423A670B6FB4AB2 /* Engine */,
				4530484CCCD6C3ACEEA2ABD8 /* Driver */,
				45304FD319D23EBD1A9E7366 /* Option */,
				4530494CC6DDF5518278EE9F /* Mime */,
				45304D74A7C4224FD0E21B9C /* Race */,
			);
			path = GTR;
			sourceTree = "<group>";
		};
		45304FC2C1EBFE4C0D50FA69 /* log */ = {
			isa = PBXGroup;
			children = (
				453046B78AE5DDE753D1E372 /* gtr_log.h */,
				453046C71873837E02FBC193 /* gtr_log.c */,
			);
			path = log;
			sourceTree = "<group>";
		};
		45304FD319D23EBD1A9E7366 /* Option */ = {
			isa = PBXGroup;
			children = (
				453047079EF9B310CECD36E8 /* Option.swift */,
				453042DFEBE6656C1AEA136C /* Option.Proxy.swift */,
				4530427E9307BB46C1362FB2 /* Option.SpeedLimit.swift */,
				4530409AF7B0573A92813AB3 /* Option.Task.swift */,
				453048DF889D342B8675C662 /* Option.ResponseInfo.swift */,
				453046BB5B22A78B818E166D /* Option.TimeCondition.swift */,
			);
			path = Option;
			sourceTree = "<group>";
		};
/* End PBXGroup section */

/* Begin PBXHeadersBuildPhase section */
		1014442622FAA46500275DA2 /* Headers */ = {
			isa = PBXHeadersBuildPhase;
			buildActionMask = 2147483647;
			files = (
				45304F5D7CA7D371A71C4EBD /* gtr_thread_pool.h in Headers */,
				45304EFF6DB5D9AB04D92234 /* gtr_atomic.h in Headers */,
				45304F84D5E92F5F1AAC3EBB /* gtr_core.h in Headers */,
				45304AB1E8D402803D3677A4 /* gtr_file_utilty.h in Headers */,
				453048F3D83F004AC05F0115 /* gtr_log.h in Headers */,
				453049474CBE170EA93A0920 /* gtr_proxy.h in Headers */,
				45304836FF23AD30FC81BB77 /* gtr_race.h in Headers */,
				453040F62263B75A28B77745 /* gtr_task_id.h in Headers */,
				453043019715130918016EEC /* gtr_callback.h in Headers */,
				453043C223756B7FAAABA914 /* gtr_method.h in Headers */,
				4530449AE624A8B6BDDE698C /* Bridge.Callback.h in Headers */,
				45304047C17289D541291039 /* Bridge.Core.h in Headers */,
				453043197794166E2032DB24 /* Bridge.Task.h in Headers */,
				4530493157B9652A1797B2A1 /* gtr_response.h in Headers */,
				453041FD58AFB675B04D1DAB /* gtr_curl_map.h in Headers */,
			);
			runOnlyForDeploymentPostprocessing = 0;
		};
		42F0B0952119EF8A00D01CC4 /* Headers */ = {
			isa = PBXHeadersBuildPhase;
			buildActionMask = 2147483647;
			files = (
				4530478569B455ED9282C75D /* gtr_thread_pool.h in Headers */,
				45304948B771B5FE5BDB5888 /* gtr_atomic.h in Headers */,
				45304FADCAED76AAA8FBE8E1 /* gtr_core.h in Headers */,
				4530498A758F3EE5254DB11D /* gtr_file_utilty.h in Headers */,
				45304AC099DCC65C61A61C66 /* gtr_log.h in Headers */,
				45304845C3E1E9C0C159330E /* gtr_proxy.h in Headers */,
				453044F516B8C46393753934 /* gtr_race.h in Headers */,
				453048067EBBC69BE9A62733 /* gtr_task_id.h in Headers */,
				45304600C002BA7EA394B3DC /* gtr_callback.h in Headers */,
				453044EFA70546A2AAED62D0 /* gtr_method.h in Headers */,
				45304A83A52F6B336489BBD2 /* Bridge.Callback.h in Headers */,
				45304A1E6D72A19BEC13AD21 /* Bridge.Core.h in Headers */,
				4530408B6B34416E056D8EDD /* Bridge.Task.h in Headers */,
				453043079241B1F5857EAB08 /* gtr_response.h in Headers */,
				453046C2F100177DF61C9884 /* gtr_curl_map.h in Headers */,
			);
			runOnlyForDeploymentPostprocessing = 0;
		};
/* End PBXHeadersBuildPhase section */

/* Begin PBXNativeTarget section */
		101443F522FA883A00275DA2 /* GTR.Mac.Demo */ = {
			isa = PBXNativeTarget;
			buildConfigurationList = 1014440322FA883B00275DA2 /* Build configuration list for PBXNativeTarget "GTR.Mac.Demo" */;
			buildPhases = (
				101443F222FA883A00275DA2 /* Sources */,
				101443F322FA883A00275DA2 /* Frameworks */,
				101443F422FA883A00275DA2 /* Resources */,
				1014443722FAA46500275DA2 /* Embed Frameworks */,
			);
			buildRules = (
			);
			dependencies = (
				1014443122FAA46500275DA2 /* PBXTargetDependency */,
			);
			name = GTR.Mac.Demo;
			productName = GTR.Mac.Demo;
			productReference = 101443F622FA883A00275DA2 /* GTR.Mac.Demo.app */;
			productType = "com.apple.product-type.application";
		};
		1014440922FA8A0800275DA2 /* GTR.iOS.Demo */ = {
			isa = PBXNativeTarget;
			buildConfigurationList = 1014441922FA8A0900275DA2 /* Build configuration list for PBXNativeTarget "GTR.iOS.Demo" */;
			buildPhases = (
				1014440622FA8A0800275DA2 /* Sources */,
				1014440722FA8A0800275DA2 /* Frameworks */,
				1014440822FA8A0800275DA2 /* Resources */,
				1014442022FA8A5400275DA2 /* Embed Frameworks */,
			);
			buildRules = (
			);
			dependencies = (
				1014441F22FA8A5400275DA2 /* PBXTargetDependency */,
			);
			name = GTR.iOS.Demo;
			productName = GTR.iOS.Demo;
			productReference = 1014440A22FA8A0800275DA2 /* GTR.iOS.Demo.app */;
			productType = "com.apple.product-type.application";
		};
		1014442A22FAA46500275DA2 /* GTR.macOS */ = {
			isa = PBXNativeTarget;
			buildConfigurationList = 1014443422FAA46500275DA2 /* Build configuration list for PBXNativeTarget "GTR.macOS" */;
			buildPhases = (
				1014442622FAA46500275DA2 /* Headers */,
				1014442722FAA46500275DA2 /* Sources */,
				1014442822FAA46500275DA2 /* Frameworks */,
				1014442922FAA46500275DA2 /* Resources */,
			);
			buildRules = (
			);
			dependencies = (
			);
			name = GTR.macOS;
			productName = GTR.Mac;
			productReference = 1014442B22FAA46500275DA2 /* GTR.framework */;
			productType = "com.apple.product-type.framework";
		};
		42F0B0972119EF8A00D01CC4 /* GTR.iOS */ = {
			isa = PBXNativeTarget;
			buildConfigurationList = 42F0B0A02119EF8A00D01CC4 /* Build configuration list for PBXNativeTarget "GTR.iOS" */;
			buildPhases = (
				42F0B0932119EF8A00D01CC4 /* Sources */,
				42F0B0942119EF8A00D01CC4 /* Frameworks */,
				42F0B0952119EF8A00D01CC4 /* Headers */,
				42F0B0962119EF8A00D01CC4 /* Resources */,
			);
			buildRules = (
			);
			dependencies = (
			);
			name = GTR.iOS;
			productName = GTR;
			productReference = 42F0B0982119EF8A00D01CC4 /* GTR.framework */;
			productType = "com.apple.product-type.framework";
		};
/* End PBXNativeTarget section */

/* Begin PBXProject section */
		42F0B08F2119EF8A00D01CC4 /* Project object */ = {
			isa = PBXProject;
			attributes = {
				LastSwiftUpdateCheck = 1020;
				LastUpgradeCheck = 1100;
				ORGANIZATIONNAME = limengyu.top;
				TargetAttributes = {
					101443F522FA883A00275DA2 = {
						CreatedOnToolsVersion = 10.2.1;
						SystemCapabilities = {
							com.apple.Sandbox = {
								enabled = 1;
							};
						};
					};
					1014440922FA8A0800275DA2 = {
						CreatedOnToolsVersion = 10.2.1;
					};
					1014442A22FAA46500275DA2 = {
						CreatedOnToolsVersion = 10.2.1;
					};
					42F0B0972119EF8A00D01CC4 = {
						CreatedOnToolsVersion = 9.4.1;
						LastSwiftMigration = 1020;
					};
				};
			};
			buildConfigurationList = 42F0B0922119EF8A00D01CC4 /* Build configuration list for PBXProject "GTR" */;
			compatibilityVersion = "Xcode 9.3";
			developmentRegion = en;
			hasScannedForEncodings = 0;
			knownRegions = (
				en,
				Base,
			);
			mainGroup = 42F0B08E2119EF8A00D01CC4;
			productRefGroup = 42F0B0992119EF8A00D01CC4 /* Products */;
			projectDirPath = "";
			projectRoot = "";
			targets = (
				42F0B0972119EF8A00D01CC4 /* GTR.iOS */,
				1014442A22FAA46500275DA2 /* GTR.macOS */,
				1014440922FA8A0800275DA2 /* GTR.iOS.Demo */,
				101443F522FA883A00275DA2 /* GTR.Mac.Demo */,
			);
		};
/* End PBXProject section */

/* Begin PBXResourcesBuildPhase section */
		101443F422FA883A00275DA2 /* Resources */ = {
			isa = PBXResourcesBuildPhase;
			buildActionMask = 2147483647;
			files = (
				101443FD22FA883B00275DA2 /* Assets.xcassets in Resources */,
				1014440022FA883B00275DA2 /* Main.storyboard in Resources */,
			);
			runOnlyForDeploymentPostprocessing = 0;
		};
		1014440822FA8A0800275DA2 /* Resources */ = {
			isa = PBXResourcesBuildPhase;
			buildActionMask = 2147483647;
			files = (
				1014441722FA8A0900275DA2 /* LaunchScreen.storyboard in Resources */,
				1014441422FA8A0900275DA2 /* Assets.xcassets in Resources */,
				1014441222FA8A0800275DA2 /* Main.storyboard in Resources */,
			);
			runOnlyForDeploymentPostprocessing = 0;
		};
		1014442922FAA46500275DA2 /* Resources */ = {
			isa = PBXResourcesBuildPhase;
			buildActionMask = 2147483647;
			files = (
			);
			runOnlyForDeploymentPostprocessing = 0;
		};
		42F0B0962119EF8A00D01CC4 /* Resources */ = {
			isa = PBXResourcesBuildPhase;
			buildActionMask = 2147483647;
			files = (
			);
			runOnlyForDeploymentPostprocessing = 0;
		};
/* End PBXResourcesBuildPhase section */

/* Begin PBXSourcesBuildPhase section */
		101443F222FA883A00275DA2 /* Sources */ = {
			isa = PBXSourcesBuildPhase;
			buildActionMask = 2147483647;
			files = (
				101443FB22FA883A00275DA2 /* ViewController.swift in Sources */,
				101443F922FA883A00275DA2 /* AppDelegate.swift in Sources */,
				B2D2AF99B0E744004AFF110F /* GetDemo.swift in Sources */,
				B2D2A839A82F7891E8125890 /* BrotliDemo.swift in Sources */,
				B2D2ACC346DFFCDD86115663 /* DownloadDemo.swift in Sources */,
				B2D2AAEA915B5FA65F0978BC /* URLSessionDemo.swift in Sources */,
				B2D2AAA9C8BC155072EDD7AD /* GetCacheDemo.swift in Sources */,
				45304502DFA63B1B2B478391 /* PostDemo.swift in Sources */,
				453048F40031D8EEF0F7667E /* CustomDemo.swift in Sources */,
				4530494C0F4A1FB2DECBBB98 /* ProxyDemo.swift in Sources */,
				453041C6853A065A456E6852 /* HttpHeader.swift in Sources */,
				45304B65F8C62399929F303C /* FormDataDemo.swift in Sources */,
				453043142DA678A524B9E62C /* CacheDemo.swift in Sources */,
			);
			runOnlyForDeploymentPostprocessing = 0;
		};
		1014440622FA8A0800275DA2 /* Sources */ = {
			isa = PBXSourcesBuildPhase;
			buildActionMask = 2147483647;
			files = (
				42C2C93323797335001BC1D7 /* CustomDemo.swift in Sources */,
				42C2C92F23797335001BC1D7 /* DownloadDemo.swift in Sources */,
				42C2C92E23797335001BC1D7 /* BrotliDemo.swift in Sources */,
				42C2C93123797335001BC1D7 /* GetCacheDemo.swift in Sources */,
				1014440F22FA8A0800275DA2 /* ViewController.swift in Sources */,
				42C2C93223797335001BC1D7 /* PostDemo.swift in Sources */,
				42C2C93023797335001BC1D7 /* URLSessionDemo.swift in Sources */,
				42C2C92D23797335001BC1D7 /* GetDemo.swift in Sources */,
				1014440D22FA8A0800275DA2 /* AppDelegate.swift in Sources */,
				45304DD7A219168AEB55C6BB /* ProxyDemo.swift in Sources */,
				453046CE9E7468E83F922AC6 /* HttpHeader.swift in Sources */,
				45304459C64568390EDA5378 /* FormDataDemo.swift in Sources */,
				45304E8AE4C939AC1EF8865B /* CacheDemo.swift in Sources */,
			);
			runOnlyForDeploymentPostprocessing = 0;
		};
		1014442722FAA46500275DA2 /* Sources */ = {
			isa = PBXSourcesBuildPhase;
			buildActionMask = 2147483647;
			files = (
				4530460F25286B4C4325025A /* gtr_thread_pool.c in Sources */,
				45304565446AD130AAC55D76 /* gtr_atomic.c in Sources */,
				4530410E19DC66B0A44C04E1 /* gtr_core.c in Sources */,
				45304896F2F797EE362AE47D /* gtr_file_utilty.c in Sources */,
				4530438317E139DA683066AE /* GTR.swift in Sources */,
				45304BA2F0D2569B97B679AC /* Dictionary.NetworkJSON.swift in Sources */,
				45304A726AD89E02857F6319 /* Data.UnsafePointer.swift in Sources */,
				4530450A3E4D40D35A2D6AB6 /* gtr_log.c in Sources */,
				45304BDFA191FABB9D12450B /* gtr_proxy.c in Sources */,
				453042DA72367EDD77FD6231 /* gtr_race.c in Sources */,
				453042E316ADCFBD9CA120FD /* gtr_task_id.c in Sources */,
				453049381C4B1261B61B6777 /* gtr_callback.c in Sources */,
				45304807F2A7B0B74D5F7A3F /* gtr_method.c in Sources */,
				45304393A6F8E0BBA5C4DB46 /* Bridge.Callback.swift in Sources */,
				453045232886BF6DEA9F01B0 /* Bridge.Core.swift in Sources */,
				4530479E89B057D60573F32A /* Bridge.Task.c in Sources */,
				453040B7B4D2CA49367E8473 /* Bridge.Task.swift in Sources */,
				453049B80BCE389735096FC0 /* Bridge.Core.c in Sources */,
				45304C419FBEA8503685A5DF /* URL.Query.swift in Sources */,
				45304867C56D231F5A0A12FC /* Dictionary.Filter.swift in Sources */,
				45304F406EFF2F8C4BA62732 /* gtr_response.c in Sources */,
				4530402AFAEC11B694B74BBE /* GearBox.swift in Sources */,
				45304635CF203C459407207B /* Goal.swift in Sources */,
				45304332ECFBD9732D78BB3E /* ResponseInfo.swift in Sources */,
				45304AFFD5D7EB7255530283 /* Error.swift in Sources */,
				45304F370D6D92D1660981AB /* Coder.swift in Sources */,
				4530496473B64116D5FA8624 /* Horn.swift in Sources */,
				453043E4D93A45C3768F47C7 /* ResponseInfo.Base.swift in Sources */,
				453048B5A72694E621ABA23E /* ResponseInfo.Time.swift in Sources */,
				45304303CC8A196A6222F89B /* ResponseInfo.Size.swift in Sources */,
				45304F844FB8BA6936F473E5 /* ResponseInfo.Speed.swift in Sources */,
				453049AED036117D05D7059A /* ResponseInfo.SSL.swift in Sources */,
				45304FE650935D9D5C1197FD /* ResponseInfo.Socket.swift in Sources */,
				453041F8D75BD23454E85504 /* Lock.swift in Sources */,
				453044FA72F255D04ADCC960 /* Destination.swift in Sources */,
				4530439A16C92C5DB4301E2B /* ContentType.swift in Sources */,
				45304BDEC2588D400B40817E /* Method.swift in Sources */,
				453049239B2D353C8E7B4343 /* Engine.swift in Sources */,
				45304E8877B4E41E2C8DFF7A /* Driver.swift in Sources */,
				45304724E9D0EB2E1EDB2A93 /* Option.swift in Sources */,
				45304ECBF5B06332AAAF93EE /* Option.Proxy.swift in Sources */,
				45304C6EC545FE4AE3FB578D /* Option.SpeedLimit.swift in Sources */,
				45304017095F2CE78B14D0E5 /* Option.Task.swift in Sources */,
				4530400B3558DD1E0BE56B57 /* Option.ResponseInfo.swift in Sources */,
				45304EA5E6ED7040D6B44613 /* gtr_curl_map.c in Sources */,
				45304033908F7E02292DEF59 /* Mime.swift in Sources */,
				45304359DB0A1696C4953CAE /* Race.swift in Sources */,
				45304025EB23ABCE782E35E6 /* Option.TimeCondition.swift in Sources */,
			);
			runOnlyForDeploymentPostprocessing = 0;
		};
		42F0B0932119EF8A00D01CC4 /* Sources */ = {
			isa = PBXSourcesBuildPhase;
			buildActionMask = 2147483647;
			files = (
				45304AD8316D2466FD04B679 /* gtr_thread_pool.c in Sources */,
				453043A7612E39E8D258AB72 /* gtr_atomic.c in Sources */,
				45304B664BC4DF0A942D9957 /* gtr_core.c in Sources */,
				45304D058F7C21C971AA93FF /* gtr_file_utilty.c in Sources */,
				4530425600B9576CC16BD2DE /* GTR.swift in Sources */,
				45304BA3ECF4BA0CFD748F14 /* Dictionary.NetworkJSON.swift in Sources */,
				45304C82F9A266A12689ED20 /* Data.UnsafePointer.swift in Sources */,
				45304E13EFA858B91A85EA5A /* gtr_log.c in Sources */,
				453044868054CAECF8E81D33 /* gtr_proxy.c in Sources */,
				4530456C58A5842F4F9A0890 /* gtr_race.c in Sources */,
				45304AD9B34EF77679225F11 /* gtr_task_id.c in Sources */,
				453040DABE80992DB99145FA /* gtr_callback.c in Sources */,
				45304E9D1127AC41E6C0ABB8 /* gtr_method.c in Sources */,
				453041C9B142B37F947AE2F4 /* Bridge.Callback.swift in Sources */,
				453041ED863157A35FE7C64F /* Bridge.Core.swift in Sources */,
				4530414BA96D15CF001216EB /* Bridge.Task.c in Sources */,
				453042B6A8666D828C7B86B6 /* Bridge.Task.swift in Sources */,
				4530416292501913EDEF40CE /* Bridge.Core.c in Sources */,
				4530403B383D42D62E1036F8 /* URL.Query.swift in Sources */,
				45304E73C6F15C7EEDCEA71A /* Dictionary.Filter.swift in Sources */,
				4530430557B63729185B978E /* gtr_response.c in Sources */,
				45304845DB955E96C01AB9F9 /* GearBox.swift in Sources */,
				4530429202525136280998F6 /* Goal.swift in Sources */,
				4530446D68DEA78609A73398 /* ResponseInfo.swift in Sources */,
				45304CF1750DFF832A48DD7A /* Error.swift in Sources */,
				4530476FE563E6C4BC6BD7E5 /* Coder.swift in Sources */,
				453047DB581E771125F03E98 /* Horn.swift in Sources */,
				45304B801B6D3BEF728E6910 /* ResponseInfo.Base.swift in Sources */,
				453044ECB26E881D77E43D4C /* ResponseInfo.Time.swift in Sources */,
				45304422297D873002C6A1E8 /* ResponseInfo.Size.swift in Sources */,
				4530469D334BF37EDE263E0F /* ResponseInfo.Speed.swift in Sources */,
				453042742CFF9DB813B16554 /* ResponseInfo.SSL.swift in Sources */,
				453046484F0742C6345D948C /* ResponseInfo.Socket.swift in Sources */,
				45304BC196CC535A37A12D48 /* Lock.swift in Sources */,
				453042D894C0D3A58EC8702D /* Destination.swift in Sources */,
				45304E0C8B2BB9965DA72053 /* ContentType.swift in Sources */,
				453046F92A1F7317AC6679E9 /* Method.swift in Sources */,
				453044571C1EA991E4D25A8E /* Engine.swift in Sources */,
				45304D89470E92209AE34CF5 /* Driver.swift in Sources */,
				4530479D62A7A051776202FD /* Option.swift in Sources */,
				45304C90BDA2EF334E64DE46 /* Option.Proxy.swift in Sources */,
				453048898C4AC2DF9B794094 /* Option.SpeedLimit.swift in Sources */,
				45304D244AB13486B9C9975A /* Option.Task.swift in Sources */,
				45304A447DCCA497DFAC3E72 /* Option.ResponseInfo.swift in Sources */,
				453042E77F55520A5AAD06F8 /* gtr_curl_map.c in Sources */,
				45304E464EE0E61B9542CE23 /* Mime.swift in Sources */,
				45304F80BFE8F3EB1C5347B0 /* Race.swift in Sources */,
				453048A3E3215AA15C460129 /* Option.TimeCondition.swift in Sources */,
			);
			runOnlyForDeploymentPostprocessing = 0;
		};
/* End PBXSourcesBuildPhase section */

/* Begin PBXTargetDependency section */
		1014441F22FA8A5400275DA2 /* PBXTargetDependency */ = {
			isa = PBXTargetDependency;
			target = 42F0B0972119EF8A00D01CC4 /* GTR.iOS */;
			targetProxy = 1014441E22FA8A5400275DA2 /* PBXContainerItemProxy */;
		};
		1014443122FAA46500275DA2 /* PBXTargetDependency */ = {
			isa = PBXTargetDependency;
			target = 1014442A22FAA46500275DA2 /* GTR.macOS */;
			targetProxy = 1014443022FAA46500275DA2 /* PBXContainerItemProxy */;
		};
/* End PBXTargetDependency section */

/* Begin PBXVariantGroup section */
		101443FE22FA883B00275DA2 /* Main.storyboard */ = {
			isa = PBXVariantGroup;
			children = (
				101443FF22FA883B00275DA2 /* Base */,
			);
			name = Main.storyboard;
			sourceTree = "<group>";
		};
		1014441022FA8A0800275DA2 /* Main.storyboard */ = {
			isa = PBXVariantGroup;
			children = (
				1014441122FA8A0800275DA2 /* Base */,
			);
			name = Main.storyboard;
			sourceTree = "<group>";
		};
		1014441522FA8A0900275DA2 /* LaunchScreen.storyboard */ = {
			isa = PBXVariantGroup;
			children = (
				1014441622FA8A0900275DA2 /* Base */,
			);
			name = LaunchScreen.storyboard;
			sourceTree = "<group>";
		};
/* End PBXVariantGroup section */

/* Begin XCBuildConfiguration section */
		1014440422FA883B00275DA2 /* Debug */ = {
			isa = XCBuildConfiguration;
			buildSettings = {
				ALWAYS_EMBED_SWIFT_STANDARD_LIBRARIES = YES;
				ASSETCATALOG_COMPILER_APPICON_NAME = AppIcon;
				CODE_SIGN_ENTITLEMENTS = GTR.Mac.Demo/GTR.Mac.Demo.entitlements;
				CODE_SIGN_IDENTITY = "Mac Developer";
				CODE_SIGN_STYLE = Automatic;
				COMBINE_HIDPI_IMAGES = YES;
				DEVELOPMENT_TEAM = HMEN575QY4;
				ENABLE_HARDENED_RUNTIME = YES;
				INFOPLIST_FILE = GTR.Mac.Demo/Info.plist;
				LD_RUNPATH_SEARCH_PATHS = (
					"$(inherited)",
					"@executable_path/../Frameworks",
				);
				MACOSX_DEPLOYMENT_TARGET = 10.14;
				MTL_ENABLE_DEBUG_INFO = INCLUDE_SOURCE;
				MTL_FAST_MATH = YES;
				PRODUCT_BUNDLE_IDENTIFIER = "top.limengyu.GTR-Mac-Demo";
				PRODUCT_NAME = "$(TARGET_NAME)";
				SDKROOT = macosx;
				SWIFT_VERSION = 5.0;
			};
			name = Debug;
		};
		1014440522FA883B00275DA2 /* Release */ = {
			isa = XCBuildConfiguration;
			buildSettings = {
				ALWAYS_EMBED_SWIFT_STANDARD_LIBRARIES = YES;
				ASSETCATALOG_COMPILER_APPICON_NAME = AppIcon;
				CODE_SIGN_ENTITLEMENTS = GTR.Mac.Demo/GTR.Mac.Demo.entitlements;
				CODE_SIGN_IDENTITY = "Mac Developer";
				CODE_SIGN_STYLE = Automatic;
				COMBINE_HIDPI_IMAGES = YES;
				DEVELOPMENT_TEAM = HMEN575QY4;
				ENABLE_HARDENED_RUNTIME = YES;
				INFOPLIST_FILE = GTR.Mac.Demo/Info.plist;
				LD_RUNPATH_SEARCH_PATHS = (
					"$(inherited)",
					"@executable_path/../Frameworks",
				);
				MACOSX_DEPLOYMENT_TARGET = 10.14;
				MTL_FAST_MATH = YES;
				PRODUCT_BUNDLE_IDENTIFIER = "top.limengyu.GTR-Mac-Demo";
				PRODUCT_NAME = "$(TARGET_NAME)";
				SDKROOT = macosx;
				SWIFT_VERSION = 5.0;
			};
			name = Release;
		};
		1014441A22FA8A0900275DA2 /* Debug */ = {
			isa = XCBuildConfiguration;
			buildSettings = {
				ALWAYS_EMBED_SWIFT_STANDARD_LIBRARIES = YES;
				ASSETCATALOG_COMPILER_APPICON_NAME = AppIcon;
				CODE_SIGN_STYLE = Automatic;
				DEVELOPMENT_TEAM = HMEN575QY4;
				INFOPLIST_FILE = GTR.iOS.Demo/Info.plist;
				IPHONEOS_DEPLOYMENT_TARGET = 9.0;
				LD_RUNPATH_SEARCH_PATHS = (
					"$(inherited)",
					"@executable_path/Frameworks",
				);
				MTL_ENABLE_DEBUG_INFO = INCLUDE_SOURCE;
				MTL_FAST_MATH = YES;
				PRODUCT_BUNDLE_IDENTIFIER = "top.limengyu.GTR-iOS-Demo";
				PRODUCT_NAME = "$(TARGET_NAME)";
				SWIFT_VERSION = 5.0;
				TARGETED_DEVICE_FAMILY = "1,2";
			};
			name = Debug;
		};
		1014441B22FA8A0900275DA2 /* Release */ = {
			isa = XCBuildConfiguration;
			buildSettings = {
				ALWAYS_EMBED_SWIFT_STANDARD_LIBRARIES = YES;
				ASSETCATALOG_COMPILER_APPICON_NAME = AppIcon;
				CODE_SIGN_STYLE = Automatic;
				DEVELOPMENT_TEAM = HMEN575QY4;
				INFOPLIST_FILE = GTR.iOS.Demo/Info.plist;
				IPHONEOS_DEPLOYMENT_TARGET = 9.0;
				LD_RUNPATH_SEARCH_PATHS = (
					"$(inherited)",
					"@executable_path/Frameworks",
				);
				MTL_FAST_MATH = YES;
				PRODUCT_BUNDLE_IDENTIFIER = "top.limengyu.GTR-iOS-Demo";
				PRODUCT_NAME = "$(TARGET_NAME)";
				SWIFT_VERSION = 5.0;
				TARGETED_DEVICE_FAMILY = "1,2";
			};
			name = Release;
		};
		1014443522FAA46500275DA2 /* Debug */ = {
			isa = XCBuildConfiguration;
			buildSettings = {
				BUILD_LIBRARY_FOR_DISTRIBUTION = YES;
				CODE_SIGN_IDENTITY = "";
				CODE_SIGN_STYLE = Automatic;
				COMBINE_HIDPI_IMAGES = YES;
				DEFINES_MODULE = YES;
				DEVELOPMENT_TEAM = "";
				DYLIB_COMPATIBILITY_VERSION = 1;
				DYLIB_CURRENT_VERSION = 1;
				DYLIB_INSTALL_NAME_BASE = "@rpath";
				FRAMEWORK_VERSION = A;
				HEADER_SEARCH_PATHS = (
					"$(PROJECT_DIR)/ExternalLibrary/macOS/libcurl/include",
					"$(PROJECT_DIR)/ExternalLibrary/macOS/libbrotli/include",
					"$(PROJECT_DIR)/ExternalLibrary/macOS/libcJSON/include",
				);
				INFOPLIST_FILE = "$(SRCROOT)/Source/Info.plist";
				INSTALL_PATH = "$(LOCAL_LIBRARY_DIR)/Frameworks";
				LD_RUNPATH_SEARCH_PATHS = (
					"$(inherited)",
					"@executable_path/../Frameworks",
					"@loader_path/Frameworks",
				);
				LIBRARY_SEARCH_PATHS = (
					"$(inherited)",
					"$(PROJECT_DIR)/ExternalLibrary/macOS/libbrotli/lib",
					"$(PROJECT_DIR)/ExternalLibrary/macOS/libcurl/lib",
					"$(PROJECT_DIR)/ExternalLibrary/macOS/libcJSON/lib",
				);
				MACOSX_DEPLOYMENT_TARGET = 10.12;
				MARKETING_VERSION = 0.12.1;
				MTL_ENABLE_DEBUG_INFO = INCLUDE_SOURCE;
				MTL_FAST_MATH = YES;
				PRODUCT_BUNDLE_IDENTIFIER = top.limengyu.GTR;
				PRODUCT_NAME = GTR;
				SDKROOT = macosx;
				SKIP_INSTALL = YES;
				SWIFT_INSTALL_OBJC_HEADER = NO;
				SWIFT_VERSION = 5.0;
			};
			name = Debug;
		};
		1014443622FAA46500275DA2 /* Release */ = {
			isa = XCBuildConfiguration;
			buildSettings = {
				BUILD_LIBRARY_FOR_DISTRIBUTION = YES;
				CODE_SIGN_IDENTITY = "";
				CODE_SIGN_STYLE = Automatic;
				COMBINE_HIDPI_IMAGES = YES;
				DEFINES_MODULE = YES;
				DEVELOPMENT_TEAM = "";
				DYLIB_COMPATIBILITY_VERSION = 1;
				DYLIB_CURRENT_VERSION = 1;
				DYLIB_INSTALL_NAME_BASE = "@rpath";
				FRAMEWORK_VERSION = A;
				HEADER_SEARCH_PATHS = (
					"$(PROJECT_DIR)/ExternalLibrary/macOS/libcurl/include",
					"$(PROJECT_DIR)/ExternalLibrary/macOS/libbrotli/include",
					"$(PROJECT_DIR)/ExternalLibrary/macOS/libcJSON/include",
				);
				INFOPLIST_FILE = "$(SRCROOT)/Source/Info.plist";
				INSTALL_PATH = "$(LOCAL_LIBRARY_DIR)/Frameworks";
				LD_RUNPATH_SEARCH_PATHS = (
					"$(inherited)",
					"@executable_path/../Frameworks",
					"@loader_path/Frameworks",
				);
				LIBRARY_SEARCH_PATHS = (
					"$(inherited)",
					"$(PROJECT_DIR)/ExternalLibrary/macOS/libbrotli/lib",
					"$(PROJECT_DIR)/ExternalLibrary/macOS/libcurl/lib",
					"$(PROJECT_DIR)/ExternalLibrary/macOS/libcJSON/lib",
				);
				MACOSX_DEPLOYMENT_TARGET = 10.12;
				MARKETING_VERSION = 0.12.1;
				MTL_FAST_MATH = YES;
				PRODUCT_BUNDLE_IDENTIFIER = top.limengyu.GTR;
				PRODUCT_NAME = GTR;
				SDKROOT = macosx;
				SKIP_INSTALL = YES;
				SWIFT_INSTALL_OBJC_HEADER = NO;
				SWIFT_VERSION = 5.0;
			};
			name = Release;
		};
		42F0B09E2119EF8A00D01CC4 /* Debug */ = {
			isa = XCBuildConfiguration;
			buildSettings = {
				ALWAYS_SEARCH_USER_PATHS = NO;
				CLANG_ANALYZER_NONNULL = YES;
				CLANG_ANALYZER_NUMBER_OBJECT_CONVERSION = YES_AGGRESSIVE;
				CLANG_CXX_LANGUAGE_STANDARD = "gnu++14";
				CLANG_CXX_LIBRARY = "libc++";
				CLANG_ENABLE_MODULES = YES;
				CLANG_ENABLE_OBJC_ARC = YES;
				CLANG_ENABLE_OBJC_WEAK = YES;
				CLANG_WARN_BLOCK_CAPTURE_AUTORELEASING = YES;
				CLANG_WARN_BOOL_CONVERSION = YES;
				CLANG_WARN_COMMA = YES;
				CLANG_WARN_CONSTANT_CONVERSION = YES;
				CLANG_WARN_DEPRECATED_OBJC_IMPLEMENTATIONS = YES;
				CLANG_WARN_DIRECT_OBJC_ISA_USAGE = YES_ERROR;
				CLANG_WARN_DOCUMENTATION_COMMENTS = YES;
				CLANG_WARN_EMPTY_BODY = YES;
				CLANG_WARN_ENUM_CONVERSION = YES;
				CLANG_WARN_INFINITE_RECURSION = YES;
				CLANG_WARN_INT_CONVERSION = YES;
				CLANG_WARN_NON_LITERAL_NULL_CONVERSION = YES;
				CLANG_WARN_OBJC_IMPLICIT_RETAIN_SELF = YES;
				CLANG_WARN_OBJC_LITERAL_CONVERSION = YES;
				CLANG_WARN_OBJC_ROOT_CLASS = YES_ERROR;
				CLANG_WARN_RANGE_LOOP_ANALYSIS = YES;
				CLANG_WARN_STRICT_PROTOTYPES = YES;
				CLANG_WARN_SUSPICIOUS_MOVE = YES;
				CLANG_WARN_UNGUARDED_AVAILABILITY = YES_AGGRESSIVE;
				CLANG_WARN_UNREACHABLE_CODE = YES;
				CLANG_WARN__DUPLICATE_METHOD_MATCH = YES;
				CODE_SIGN_IDENTITY = "iPhone Developer";
				COPY_PHASE_STRIP = NO;
				CURRENT_PROJECT_VERSION = 1;
				DEBUG_INFORMATION_FORMAT = dwarf;
				ENABLE_STRICT_OBJC_MSGSEND = YES;
				ENABLE_TESTABILITY = YES;
				GCC_C_LANGUAGE_STANDARD = gnu11;
				GCC_DYNAMIC_NO_PIC = NO;
				GCC_NO_COMMON_BLOCKS = YES;
				GCC_OPTIMIZATION_LEVEL = 0;
				GCC_PREPROCESSOR_DEFINITIONS = (
					"DEBUG=1",
					"$(inherited)",
				);
				GCC_WARN_64_TO_32_BIT_CONVERSION = YES;
				GCC_WARN_ABOUT_RETURN_TYPE = YES_ERROR;
				GCC_WARN_UNDECLARED_SELECTOR = YES;
				GCC_WARN_UNINITIALIZED_AUTOS = YES_AGGRESSIVE;
				GCC_WARN_UNUSED_FUNCTION = YES;
				GCC_WARN_UNUSED_VARIABLE = YES;
				IPHONEOS_DEPLOYMENT_TARGET = 11.4;
				MTL_ENABLE_DEBUG_INFO = YES;
				ONLY_ACTIVE_ARCH = YES;
				SDKROOT = iphoneos;
				SWIFT_ACTIVE_COMPILATION_CONDITIONS = DEBUG;
				SWIFT_OPTIMIZATION_LEVEL = "-Onone";
				VERSIONING_SYSTEM = "apple-generic";
				VERSION_INFO_PREFIX = "";
			};
			name = Debug;
		};
		42F0B09F2119EF8A00D01CC4 /* Release */ = {
			isa = XCBuildConfiguration;
			buildSettings = {
				ALWAYS_SEARCH_USER_PATHS = NO;
				CLANG_ANALYZER_NONNULL = YES;
				CLANG_ANALYZER_NUMBER_OBJECT_CONVERSION = YES_AGGRESSIVE;
				CLANG_CXX_LANGUAGE_STANDARD = "gnu++14";
				CLANG_CXX_LIBRARY = "libc++";
				CLANG_ENABLE_MODULES = YES;
				CLANG_ENABLE_OBJC_ARC = YES;
				CLANG_ENABLE_OBJC_WEAK = YES;
				CLANG_WARN_BLOCK_CAPTURE_AUTORELEASING = YES;
				CLANG_WARN_BOOL_CONVERSION = YES;
				CLANG_WARN_COMMA = YES;
				CLANG_WARN_CONSTANT_CONVERSION = YES;
				CLANG_WARN_DEPRECATED_OBJC_IMPLEMENTATIONS = YES;
				CLANG_WARN_DIRECT_OBJC_ISA_USAGE = YES_ERROR;
				CLANG_WARN_DOCUMENTATION_COMMENTS = YES;
				CLANG_WARN_EMPTY_BODY = YES;
				CLANG_WARN_ENUM_CONVERSION = YES;
				CLANG_WARN_INFINITE_RECURSION = YES;
				CLANG_WARN_INT_CONVERSION = YES;
				CLANG_WARN_NON_LITERAL_NULL_CONVERSION = YES;
				CLANG_WARN_OBJC_IMPLICIT_RETAIN_SELF = YES;
				CLANG_WARN_OBJC_LITERAL_CONVERSION = YES;
				CLANG_WARN_OBJC_ROOT_CLASS = YES_ERROR;
				CLANG_WARN_RANGE_LOOP_ANALYSIS = YES;
				CLANG_WARN_STRICT_PROTOTYPES = YES;
				CLANG_WARN_SUSPICIOUS_MOVE = YES;
				CLANG_WARN_UNGUARDED_AVAILABILITY = YES_AGGRESSIVE;
				CLANG_WARN_UNREACHABLE_CODE = YES;
				CLANG_WARN__DUPLICATE_METHOD_MATCH = YES;
				CODE_SIGN_IDENTITY = "iPhone Developer";
				COPY_PHASE_STRIP = NO;
				CURRENT_PROJECT_VERSION = 1;
				DEBUG_INFORMATION_FORMAT = "dwarf-with-dsym";
				ENABLE_NS_ASSERTIONS = NO;
				ENABLE_STRICT_OBJC_MSGSEND = YES;
				GCC_C_LANGUAGE_STANDARD = gnu11;
				GCC_NO_COMMON_BLOCKS = YES;
				GCC_WARN_64_TO_32_BIT_CONVERSION = YES;
				GCC_WARN_ABOUT_RETURN_TYPE = YES_ERROR;
				GCC_WARN_UNDECLARED_SELECTOR = YES;
				GCC_WARN_UNINITIALIZED_AUTOS = YES_AGGRESSIVE;
				GCC_WARN_UNUSED_FUNCTION = YES;
				GCC_WARN_UNUSED_VARIABLE = YES;
				IPHONEOS_DEPLOYMENT_TARGET = 11.4;
				MTL_ENABLE_DEBUG_INFO = NO;
				SDKROOT = iphoneos;
				SWIFT_COMPILATION_MODE = wholemodule;
				SWIFT_OPTIMIZATION_LEVEL = "-O";
				VALIDATE_PRODUCT = YES;
				VERSIONING_SYSTEM = "apple-generic";
				VERSION_INFO_PREFIX = "";
			};
			name = Release;
		};
		42F0B0A12119EF8A00D01CC4 /* Debug */ = {
			isa = XCBuildConfiguration;
			buildSettings = {
				BUILD_LIBRARY_FOR_DISTRIBUTION = YES;
				CODE_SIGN_IDENTITY = "";
				CODE_SIGN_STYLE = Automatic;
				DEFINES_MODULE = YES;
				DEVELOPMENT_TEAM = "";
				DYLIB_COMPATIBILITY_VERSION = 1;
				DYLIB_CURRENT_VERSION = 1;
				DYLIB_INSTALL_NAME_BASE = "@rpath";
				HEADER_SEARCH_PATHS = (
					"$(PROJECT_DIR)/ExternalLibrary/iOS/libcurl/include",
					"$(PROJECT_DIR)/ExternalLibrary/iOS/libbrotli/include",
					"$(PROJECT_DIR)/ExternalLibrary/iOS/libcJSON/include",
					"$(PROJECT_DIR)/ExternalLibrary/maccatalyst/libcurl/include",
					"$(PROJECT_DIR)/ExternalLibrary/maccatalyst/libbrotli/include",
					"$(PROJECT_DIR)/ExternalLibrary/maccatalyst/libcJSON/include",
				);
				INFOPLIST_FILE = "$(SRCROOT)/Source/Info.plist";
				INSTALL_PATH = "$(LOCAL_LIBRARY_DIR)/Frameworks";
				IPHONEOS_DEPLOYMENT_TARGET = 9.0;
				LD_RUNPATH_SEARCH_PATHS = (
					"$(inherited)",
					"@executable_path/Frameworks",
					"@loader_path/Frameworks",
				);
				LIBRARY_SEARCH_PATHS = (
					"$(PROJECT_DIR)/ExternalLibrary/iOS/libbrotli/lib",
					"$(PROJECT_DIR)/ExternalLibrary/iOS/libcurl/lib",
					"$(PROJECT_DIR)/ExternalLibrary/iOS/libcJSON/lib",
					"$(PROJECT_DIR)/ExternalLibrary/maccatalyst/libbrotli/lib",
					"$(PROJECT_DIR)/ExternalLibrary/maccatalyst/libcurl/lib",
					"$(PROJECT_DIR)/ExternalLibrary/maccatalyst/libcJSON/lib",
				);
				MARKETING_VERSION = 0.12.1;
				PRODUCT_BUNDLE_IDENTIFIER = top.limengyu.GTR;
				PRODUCT_NAME = GTR;
				SKIP_INSTALL = YES;
				SWIFT_INSTALL_OBJC_HEADER = NO;
				SWIFT_VERSION = 5.0;
				TARGETED_DEVICE_FAMILY = "1,2";
			};
			name = Debug;
		};
		42F0B0A22119EF8A00D01CC4 /* Release */ = {
			isa = XCBuildConfiguration;
			buildSettings = {
				BUILD_LIBRARY_FOR_DISTRIBUTION = YES;
				CODE_SIGN_IDENTITY = "";
				CODE_SIGN_STYLE = Automatic;
				DEFINES_MODULE = YES;
				DEVELOPMENT_TEAM = "";
				DYLIB_COMPATIBILITY_VERSION = 1;
				DYLIB_CURRENT_VERSION = 1;
				DYLIB_INSTALL_NAME_BASE = "@rpath";
				HEADER_SEARCH_PATHS = (
					"$(PROJECT_DIR)/ExternalLibrary/iOS/libcurl/include",
					"$(PROJECT_DIR)/ExternalLibrary/iOS/libbrotli/include",
					"$(PROJECT_DIR)/ExternalLibrary/iOS/libcJSON/include",
					"$(PROJECT_DIR)/ExternalLibrary/maccatalyst/libcurl/include",
					"$(PROJECT_DIR)/ExternalLibrary/maccatalyst/libbrotli/include",
					"$(PROJECT_DIR)/ExternalLibrary/maccatalyst/libcJSON/include",
				);
				INFOPLIST_FILE = "$(SRCROOT)/Source/Info.plist";
				INSTALL_PATH = "$(LOCAL_LIBRARY_DIR)/Frameworks";
				IPHONEOS_DEPLOYMENT_TARGET = 9.0;
				LD_RUNPATH_SEARCH_PATHS = (
					"$(inherited)",
					"@executable_path/Frameworks",
					"@loader_path/Frameworks",
				);
				LIBRARY_SEARCH_PATHS = (
					"$(PROJECT_DIR)/ExternalLibrary/iOS/libbrotli/lib",
					"$(PROJECT_DIR)/ExternalLibrary/iOS/libcurl/lib",
					"$(PROJECT_DIR)/ExternalLibrary/iOS/libcJSON/lib",
					"$(PROJECT_DIR)/ExternalLibrary/maccatalyst/libbrotli/lib",
					"$(PROJECT_DIR)/ExternalLibrary/maccatalyst/libcurl/lib",
					"$(PROJECT_DIR)/ExternalLibrary/maccatalyst/libcJSON/lib",
				);
				MARKETING_VERSION = 0.12.1;
				PRODUCT_BUNDLE_IDENTIFIER = top.limengyu.GTR;
				PRODUCT_NAME = GTR;
				SKIP_INSTALL = YES;
				SWIFT_INSTALL_OBJC_HEADER = NO;
				SWIFT_VERSION = 5.0;
				TARGETED_DEVICE_FAMILY = "1,2";
			};
			name = Release;
		};
/* End XCBuildConfiguration section */

/* Begin XCConfigurationList section */
		1014440322FA883B00275DA2 /* Build configuration list for PBXNativeTarget "GTR.Mac.Demo" */ = {
			isa = XCConfigurationList;
			buildConfigurations = (
				1014440422FA883B00275DA2 /* Debug */,
				1014440522FA883B00275DA2 /* Release */,
			);
			defaultConfigurationIsVisible = 0;
			defaultConfigurationName = Release;
		};
		1014441922FA8A0900275DA2 /* Build configuration list for PBXNativeTarget "GTR.iOS.Demo" */ = {
			isa = XCConfigurationList;
			buildConfigurations = (
				1014441A22FA8A0900275DA2 /* Debug */,
				1014441B22FA8A0900275DA2 /* Release */,
			);
			defaultConfigurationIsVisible = 0;
			defaultConfigurationName = Release;
		};
		1014443422FAA46500275DA2 /* Build configuration list for PBXNativeTarget "GTR.macOS" */ = {
			isa = XCConfigurationList;
			buildConfigurations = (
				1014443522FAA46500275DA2 /* Debug */,
				1014443622FAA46500275DA2 /* Release */,
			);
			defaultConfigurationIsVisible = 0;
			defaultConfigurationName = Release;
		};
		42F0B0922119EF8A00D01CC4 /* Build configuration list for PBXProject "GTR" */ = {
			isa = XCConfigurationList;
			buildConfigurations = (
				42F0B09E2119EF8A00D01CC4 /* Debug */,
				42F0B09F2119EF8A00D01CC4 /* Release */,
			);
			defaultConfigurationIsVisible = 0;
			defaultConfigurationName = Release;
		};
		42F0B0A02119EF8A00D01CC4 /* Build configuration list for PBXNativeTarget "GTR.iOS" */ = {
			isa = XCConfigurationList;
			buildConfigurations = (
				42F0B0A12119EF8A00D01CC4 /* Debug */,
				42F0B0A22119EF8A00D01CC4 /* Release */,
			);
			defaultConfigurationIsVisible = 0;
			defaultConfigurationName = Release;
		};
/* End XCConfigurationList section */
	};
	rootObject = 42F0B08F2119EF8A00D01CC4 /* Project object */;
}
